
Microsoft Visual Studio Solution File, Format Version 12.00
# Visual Studio Version 16
VisualStudioVersion = 16.0.28531.58
MinimumVisualStudioVersion = 10.0.40219.1
Project("{9A19103F-16F7-4668-BE54-9A1E7A4F7556}") = "GraphML", "GraphML\GraphML.csproj", "{49402D91-E260-417E-BF6D-AC51BC7B6AA4}"
EndProject
Project("{9A19103F-16F7-4668-BE54-9A1E7A4F7556}") = "GraphML.Utils", "GraphML.Utils\GraphML.Utils.csproj", "{3A162D09-2CCE-45A6-82B7-DD01B2F45527}"
EndProject
Project("{9A19103F-16F7-4668-BE54-9A1E7A4F7556}") = "GraphML.API", "GraphML.API\GraphML.API.csproj", "{A7B89782-C9E6-4B89-9CD4-5DC84E22614F}"
EndProject
Project("{9A19103F-16F7-4668-BE54-9A1E7A4F7556}") = "GraphML.Interfaces", "GraphML.Interfaces\GraphML.Interfaces.csproj", "{FA2B96C4-6CB8-48BC-86FD-82D99B39F318}"
EndProject
Project("{9A19103F-16F7-4668-BE54-9A1E7A4F7556}") = "GraphML.Logic", "GraphML.Logic\GraphML.Logic.csproj", "{DB893DE6-27AA-4F59-B579-1D59146A9134}"
EndProject
Project("{9A19103F-16F7-4668-BE54-9A1E7A4F7556}") = "GraphML.Datastore.Database", "GraphML.Datastore.Database\GraphML.Datastore.Database.csproj", "{8934E4FC-3B35-4614-8E78-25698C0A0E46}"
EndProject
Project("{9A19103F-16F7-4668-BE54-9A1E7A4F7556}") = "GraphML.Datastore.Database.Importer.CSV", "GraphML.Datastore.Database.Importer.CSV\GraphML.Datastore.Database.Importer.CSV.csproj", "{CB77FAD5-FF96-4250-8823-9F043BD52EDD}"
EndProject
Project("{9A19103F-16F7-4668-BE54-9A1E7A4F7556}") = "GraphML.Analysis.SNA", "GraphML.Analysis.SNA\GraphML.Analysis.SNA.csproj", "{6F022EB1-FF63-41D9-ADA9-C2C7F2756261}"
EndProject
Project("{9A19103F-16F7-4668-BE54-9A1E7A4F7556}") = "GraphML.Analysis.SNA.Tests", "GraphML.Analysis.SNA.Tests\GraphML.Analysis.SNA.Tests.csproj", "{2873BF9F-61E7-465E-9C00-DFA64FBD321D}"
EndProject
Project("{9A19103F-16F7-4668-BE54-9A1E7A4F7556}") = "GraphML.Analysis", "GraphML.Analysis\GraphML.Analysis.csproj", "{F1410EF7-4014-4B4B-9EE7-16A182DB7F4F}"
EndProject
Project("{9A19103F-16F7-4668-BE54-9A1E7A4F7556}") = "GraphML.Common", "GraphML.Common\GraphML.Common.csproj", "{4B88F9D8-7A36-46A8-889B-B37BA645209B}"
EndProject
Project("{9A19103F-16F7-4668-BE54-9A1E7A4F7556}") = "GraphML.Analysis.Server", "GraphML.Analysis.Server\GraphML.Analysis.Server.csproj", "{CE1FDD2C-7382-44A5-95BB-E4B1C1C05C59}"
EndProject
Project("{9A19103F-16F7-4668-BE54-9A1E7A4F7556}") = "GraphML.Datastore.Redis", "GraphML.Datastore.Redis\GraphML.Datastore.Redis.csproj", "{CEDB2E7C-9901-43D3-B4A5-D34771BBEF9E}"
EndProject
Project("{9A19103F-16F7-4668-BE54-9A1E7A4F7556}") = "GraphML.MessageQueue.ActiveMQ", "GraphML.MessageQueue.ActiveMQ\GraphML.MessageQueue.ActiveMQ.csproj", "{2D220D26-1B23-46F2-97A8-9451670DDCBC}"
EndProject
Project("{9A19103F-16F7-4668-BE54-9A1E7A4F7556}") = "GraphML.Views", "GraphML.Views\GraphML.Views.csproj", "{FC828B50-F386-4E33-B432-47165A0D8A10}"
EndProject
Project("{9A19103F-16F7-4668-BE54-9A1E7A4F7556}") = "GraphML.UI.Web", "GraphML.UI.Web\GraphML.UI.Web.csproj", "{5A886F72-B570-4373-AE89-96ADE25E7523}"
EndProject
Project("{2150E333-8FDC-42A3-9474-1A3956D46DE8}") = "Solution Items", "Solution Items", "{718EA4DD-B13A-407C-9330-CBDE6B35F3C8}"
	ProjectSection(SolutionItems) = preProject
		.editorconfig = .editorconfig
	EndProjectSection
EndProject
Global
	GlobalSection(SolutionConfigurationPlatforms) = preSolution
		Debug|Any CPU = Debug|Any CPU
		Release|Any CPU = Release|Any CPU
	EndGlobalSection
	GlobalSection(ProjectConfigurationPlatforms) = postSolution
		{49402D91-E260-417E-BF6D-AC51BC7B6AA4}.Debug|Any CPU.ActiveCfg = Debug|Any CPU
		{49402D91-E260-417E-BF6D-AC51BC7B6AA4}.Debug|Any CPU.Build.0 = Debug|Any CPU
		{49402D91-E260-417E-BF6D-AC51BC7B6AA4}.Release|Any CPU.ActiveCfg = Release|Any CPU
		{49402D91-E260-417E-BF6D-AC51BC7B6AA4}.Release|Any CPU.Build.0 = Release|Any CPU
		{3A162D09-2CCE-45A6-82B7-DD01B2F45527}.Debug|Any CPU.ActiveCfg = Debug|Any CPU
		{3A162D09-2CCE-45A6-82B7-DD01B2F45527}.Debug|Any CPU.Build.0 = Debug|Any CPU
		{3A162D09-2CCE-45A6-82B7-DD01B2F45527}.Release|Any CPU.ActiveCfg = Release|Any CPU
		{3A162D09-2CCE-45A6-82B7-DD01B2F45527}.Release|Any CPU.Build.0 = Release|Any CPU
		{A7B89782-C9E6-4B89-9CD4-5DC84E22614F}.Debug|Any CPU.ActiveCfg = Debug|Any CPU
		{A7B89782-C9E6-4B89-9CD4-5DC84E22614F}.Debug|Any CPU.Build.0 = Debug|Any CPU
		{A7B89782-C9E6-4B89-9CD4-5DC84E22614F}.Release|Any CPU.ActiveCfg = Release|Any CPU
		{A7B89782-C9E6-4B89-9CD4-5DC84E22614F}.Release|Any CPU.Build.0 = Release|Any CPU
		{FA2B96C4-6CB8-48BC-86FD-82D99B39F318}.Debug|Any CPU.ActiveCfg = Debug|Any CPU
		{FA2B96C4-6CB8-48BC-86FD-82D99B39F318}.Debug|Any CPU.Build.0 = Debug|Any CPU
		{FA2B96C4-6CB8-48BC-86FD-82D99B39F318}.Release|Any CPU.ActiveCfg = Release|Any CPU
		{FA2B96C4-6CB8-48BC-86FD-82D99B39F318}.Release|Any CPU.Build.0 = Release|Any CPU
		{DB893DE6-27AA-4F59-B579-1D59146A9134}.Debug|Any CPU.ActiveCfg = Debug|Any CPU
		{DB893DE6-27AA-4F59-B579-1D59146A9134}.Debug|Any CPU.Build.0 = Debug|Any CPU
		{DB893DE6-27AA-4F59-B579-1D59146A9134}.Release|Any CPU.ActiveCfg = Release|Any CPU
		{DB893DE6-27AA-4F59-B579-1D59146A9134}.Release|Any CPU.Build.0 = Release|Any CPU
		{8934E4FC-3B35-4614-8E78-25698C0A0E46}.Debug|Any CPU.ActiveCfg = Debug|Any CPU
		{8934E4FC-3B35-4614-8E78-25698C0A0E46}.Debug|Any CPU.Build.0 = Debug|Any CPU
		{8934E4FC-3B35-4614-8E78-25698C0A0E46}.Release|Any CPU.ActiveCfg = Release|Any CPU
		{8934E4FC-3B35-4614-8E78-25698C0A0E46}.Release|Any CPU.Build.0 = Release|Any CPU
		{CB77FAD5-FF96-4250-8823-9F043BD52EDD}.Debug|Any CPU.ActiveCfg = Debug|Any CPU
		{CB77FAD5-FF96-4250-8823-9F043BD52EDD}.Debug|Any CPU.Build.0 = Debug|Any CPU
		{CB77FAD5-FF96-4250-8823-9F043BD52EDD}.Release|Any CPU.ActiveCfg = Release|Any CPU
		{CB77FAD5-FF96-4250-8823-9F043BD52EDD}.Release|Any CPU.Build.0 = Release|Any CPU
		{6F022EB1-FF63-41D9-ADA9-C2C7F2756261}.Debug|Any CPU.ActiveCfg = Debug|Any CPU
		{6F022EB1-FF63-41D9-ADA9-C2C7F2756261}.Debug|Any CPU.Build.0 = Debug|Any CPU
		{6F022EB1-FF63-41D9-ADA9-C2C7F2756261}.Release|Any CPU.ActiveCfg = Release|Any CPU
		{6F022EB1-FF63-41D9-ADA9-C2C7F2756261}.Release|Any CPU.Build.0 = Release|Any CPU
		{2873BF9F-61E7-465E-9C00-DFA64FBD321D}.Debug|Any CPU.ActiveCfg = Debug|Any CPU
		{2873BF9F-61E7-465E-9C00-DFA64FBD321D}.Debug|Any CPU.Build.0 = Debug|Any CPU
		{2873BF9F-61E7-465E-9C00-DFA64FBD321D}.Release|Any CPU.ActiveCfg = Release|Any CPU
		{2873BF9F-61E7-465E-9C00-DFA64FBD321D}.Release|Any CPU.Build.0 = Release|Any CPU
		{F1410EF7-4014-4B4B-9EE7-16A182DB7F4F}.Debug|Any CPU.ActiveCfg = Debug|Any CPU
		{F1410EF7-4014-4B4B-9EE7-16A182DB7F4F}.Debug|Any CPU.Build.0 = Debug|Any CPU
		{F1410EF7-4014-4B4B-9EE7-16A182DB7F4F}.Release|Any CPU.ActiveCfg = Release|Any CPU
		{F1410EF7-4014-4B4B-9EE7-16A182DB7F4F}.Release|Any CPU.Build.0 = Release|Any CPU
		{4B88F9D8-7A36-46A8-889B-B37BA645209B}.Debug|Any CPU.ActiveCfg = Debug|Any CPU
		{4B88F9D8-7A36-46A8-889B-B37BA645209B}.Debug|Any CPU.Build.0 = Debug|Any CPU
		{4B88F9D8-7A36-46A8-889B-B37BA645209B}.Release|Any CPU.ActiveCfg = Release|Any CPU
		{4B88F9D8-7A36-46A8-889B-B37BA645209B}.Release|Any CPU.Build.0 = Release|Any CPU
		{CE1FDD2C-7382-44A5-95BB-E4B1C1C05C59}.Debug|Any CPU.ActiveCfg = Debug|Any CPU
		{CE1FDD2C-7382-44A5-95BB-E4B1C1C05C59}.Debug|Any CPU.Build.0 = Debug|Any CPU
		{CE1FDD2C-7382-44A5-95BB-E4B1C1C05C59}.Release|Any CPU.ActiveCfg = Release|Any CPU
		{CE1FDD2C-7382-44A5-95BB-E4B1C1C05C59}.Release|Any CPU.Build.0 = Release|Any CPU
		{CEDB2E7C-9901-43D3-B4A5-D34771BBEF9E}.Debug|Any CPU.ActiveCfg = Debug|Any CPU
		{CEDB2E7C-9901-43D3-B4A5-D34771BBEF9E}.Debug|Any CPU.Build.0 = Debug|Any CPU
		{CEDB2E7C-9901-43D3-B4A5-D34771BBEF9E}.Release|Any CPU.ActiveCfg = Release|Any CPU
		{CEDB2E7C-9901-43D3-B4A5-D34771BBEF9E}.Release|Any CPU.Build.0 = Release|Any CPU
		{2D220D26-1B23-46F2-97A8-9451670DDCBC}.Debug|Any CPU.ActiveCfg = Debug|Any CPU
		{2D220D26-1B23-46F2-97A8-9451670DDCBC}.Debug|Any CPU.Build.0 = Debug|Any CPU
		{2D220D26-1B23-46F2-97A8-9451670DDCBC}.Release|Any CPU.ActiveCfg = Release|Any CPU
		{2D220D26-1B23-46F2-97A8-9451670DDCBC}.Release|Any CPU.Build.0 = Release|Any CPU
		{FC828B50-F386-4E33-B432-47165A0D8A10}.Debug|Any CPU.ActiveCfg = Debug|Any CPU
		{FC828B50-F386-4E33-B432-47165A0D8A10}.Debug|Any CPU.Build.0 = Debug|Any CPU
		{FC828B50-F386-4E33-B432-47165A0D8A10}.Release|Any CPU.ActiveCfg = Release|Any CPU
		{FC828B50-F386-4E33-B432-47165A0D8A10}.Release|Any CPU.Build.0 = Release|Any CPU
		{5A886F72-B570-4373-AE89-96ADE25E7523}.Debug|Any CPU.ActiveCfg = Debug|Any CPU
		{5A886F72-B570-4373-AE89-96ADE25E7523}.Debug|Any CPU.Build.0 = Debug|Any CPU
		{5A886F72-B570-4373-AE89-96ADE25E7523}.Release|Any CPU.ActiveCfg = Release|Any CPU
		{5A886F72-B570-4373-AE89-96ADE25E7523}.Release|Any CPU.Build.0 = Release|Any CPU
	EndGlobalSection
	GlobalSection(SolutionProperties) = preSolution
		HideSolutionNode = FALSE
	EndGlobalSection
	GlobalSection(ExtensibilityGlobals) = postSolution
		SolutionGuid = {C56E9983-137A-4064-9C27-5A688425442F}
	EndGlobalSection
EndGlobal
