
Microsoft Visual Studio Solution File, Format Version 12.00
# Visual Studio Version 16
VisualStudioVersion = 16.0.28531.58
MinimumVisualStudioVersion = 10.0.40219.1
Project("{9A19103F-16F7-4668-BE54-9A1E7A4F7556}") = "GraphML", "GraphML\GraphML.csproj", "{49402D91-E260-417E-BF6D-AC51BC7B6AA4}"
EndProject
Project("{9A19103F-16F7-4668-BE54-9A1E7A4F7556}") = "GraphML.Utils", "GraphML.Utils\GraphML.Utils.csproj", "{3A162D09-2CCE-45A6-82B7-DD01B2F45527}"
EndProject
Project("{9A19103F-16F7-4668-BE54-9A1E7A4F7556}") = "GraphML.API", "GraphML.API\GraphML.API.csproj", "{A7B89782-C9E6-4B89-9CD4-5DC84E22614F}"
EndProject
Project("{9A19103F-16F7-4668-BE54-9A1E7A4F7556}") = "GraphML.Interfaces", "GraphML.Interfaces\GraphML.Interfaces.csproj", "{FA2B96C4-6CB8-48BC-86FD-82D99B39F318}"
EndProject
Project("{9A19103F-16F7-4668-BE54-9A1E7A4F7556}") = "GraphML.Logic", "GraphML.Logic\GraphML.Logic.csproj", "{DB893DE6-27AA-4F59-B579-1D59146A9134}"
EndProject
Project("{9A19103F-16F7-4668-BE54-9A1E7A4F7556}") = "GraphML.Datastore.Database", "GraphML.Datastore.Database\GraphML.Datastore.Database.csproj", "{8934E4FC-3B35-4614-8E78-25698C0A0E46}"
EndProject
Project("{9A19103F-16F7-4668-BE54-9A1E7A4F7556}") = "GraphML.Datastore.Database.Importer.CSV", "GraphML.Datastore.Database.Importer.CSV\GraphML.Datastore.Database.Importer.CSV.csproj", "{CB77FAD5-FF96-4250-8823-9F043BD52EDD}"
EndProject
Project("{9A19103F-16F7-4668-BE54-9A1E7A4F7556}") = "GraphML.Analysis.SNA", "GraphML.Analysis.SNA\GraphML.Analysis.SNA.csproj", "{6F022EB1-FF63-41D9-ADA9-C2C7F2756261}"
EndProject
Project("{9A19103F-16F7-4668-BE54-9A1E7A4F7556}") = "GraphML.Analysis.SNA.Tests", "GraphML.Analysis.SNA.Tests\GraphML.Analysis.SNA.Tests.csproj", "{2873BF9F-61E7-465E-9C00-DFA64FBD321D}"
EndProject
Project("{9A19103F-16F7-4668-BE54-9A1E7A4F7556}") = "GraphML.Analysis", "GraphML.Analysis\GraphML.Analysis.csproj", "{F1410EF7-4014-4B4B-9EE7-16A182DB7F4F}"
EndProject
Project("{9A19103F-16F7-4668-BE54-9A1E7A4F7556}") = "GraphML.Common", "GraphML.Common\GraphML.Common.csproj", "{4B88F9D8-7A36-46A8-889B-B37BA645209B}"
EndProject
Project("{9A19103F-16F7-4668-BE54-9A1E7A4F7556}") = "GraphML.Analysis.Server", "GraphML.Analysis.Server\GraphML.Analysis.Server.csproj", "{CE1FDD2C-7382-44A5-95BB-E4B1C1C05C59}"
EndProject
Project("{9A19103F-16F7-4668-BE54-9A1E7A4F7556}") = "GraphML.Datastore.Redis", "GraphML.Datastore.Redis\GraphML.Datastore.Redis.csproj", "{CEDB2E7C-9901-43D3-B4A5-D34771BBEF9E}"
EndProject
Project("{9A19103F-16F7-4668-BE54-9A1E7A4F7556}") = "GraphML.MessageQueue.ActiveMQ", "GraphML.MessageQueue.ActiveMQ\GraphML.MessageQueue.ActiveMQ.csproj", "{2D220D26-1B23-46F2-97A8-9451670DDCBC}"
EndProject
Project("{9A19103F-16F7-4668-BE54-9A1E7A4F7556}") = "GraphML.UI.Web", "GraphML.UI.Web\GraphML.UI.Web.csproj", "{5A886F72-B570-4373-AE89-96ADE25E7523}"
EndProject
Project("{2150E333-8FDC-42A3-9474-1A3956D46DE8}") = "Solution Items", "Solution Items", "{718EA4DD-B13A-407C-9330-CBDE6B35F3C8}"
	ProjectSection(SolutionItems) = preProject
		.editorconfig = .editorconfig
	EndProjectSection
EndProject
Project("{9A19103F-16F7-4668-BE54-9A1E7A4F7556}") = "IdentityServerAspNetIdentity", "IdentityServerAspNetIdentity\IdentityServerAspNetIdentity.csproj", "{E52352AD-4D90-47D2-9C23-0E7639D135EE}"
EndProject
Project("{9A19103F-16F7-4668-BE54-9A1E7A4F7556}") = "GraphML.Logic.Tests", "GraphML.Logic.Tests\GraphML.Logic.Tests.csproj", "{C5C6C9AB-4849-44FA-9009-2033C0859C45}"
EndProject
Project("{2150E333-8FDC-42A3-9474-1A3956D46DE8}") = "UI", "UI", "{1623D597-D883-41B4-BCDD-490FF0A9C9DE}"
EndProject
Project("{D954291E-2A0B-460D-934E-DC6B0785DB48}") = "GraphML.UI.Uno.Shared", "GraphML.UI.Uno\GraphML.UI.Uno.Shared\GraphML.UI.Uno.Shared.shproj", "{6279C845-92F8-4333-AB99-3D213163593C}"
EndProject
Project("{9A19103F-16F7-4668-BE54-9A1E7A4F7556}") = "GraphML.UI.Uno.Skia.Gtk", "GraphML.UI.Uno\GraphML.UI.Uno.Skia.Gtk\GraphML.UI.Uno.Skia.Gtk.csproj", "{97ADE730-A9E4-4677-B247-707BE951034C}"
EndProject
Project("{9A19103F-16F7-4668-BE54-9A1E7A4F7556}") = "GraphML.UI.Uno.Skia.WPF", "GraphML.UI.Uno\GraphML.UI.Uno.Skia.WPF\GraphML.UI.Uno.Skia.WPF.csproj", "{0BB32C37-BAF2-4455-8DD5-09FBF8F96B25}"
EndProject
Project("{9A19103F-16F7-4668-BE54-9A1E7A4F7556}") = "GraphML.UI.Uno.Skia.Wpf.Host", "GraphML.UI.Uno\GraphML.UI.Uno.Skia.WPF.Host\GraphML.UI.Uno.Skia.Wpf.Host.csproj", "{DCB9B720-7C6A-480E-A5B4-EE2F74EF19F9}"
EndProject
Project("{FAE04EC0-301F-11D3-BF4B-00C04F79EFBC}") = "GraphML.UI.Uno.UWP", "GraphML.UI.Uno\GraphML.UI.Uno.UWP\GraphML.UI.Uno.UWP.csproj", "{2181651D-A765-4CAA-9802-2A5628452363}"
EndProject
Project("{9A19103F-16F7-4668-BE54-9A1E7A4F7556}") = "GraphML.UI.Uno.Wasm", "GraphML.UI.Uno\GraphML.UI.Uno.Wasm\GraphML.UI.Uno.Wasm.csproj", "{F68CCFF1-5656-47C0-B93A-2C31E8D8365C}"
EndProject
Project("{2150E333-8FDC-42A3-9474-1A3956D46DE8}") = "Analysis", "Analysis", "{70FA6A8F-31BF-4B58-BB55-9320BBC56CFE}"
EndProject
Project("{2150E333-8FDC-42A3-9474-1A3956D46DE8}") = "Common", "Common", "{0B371A65-1093-4075-8EBB-B3D2F0C3ADF0}"
EndProject
Global
	GlobalSection(SharedMSBuildProjectFiles) = preSolution
		GraphML.UI.Uno\GraphML.UI.Uno.Shared\GraphML.UI.Uno.Shared.projitems*{0bb32c37-baf2-4455-8dd5-09fbf8f96b25}*SharedItemsImports = 5
		GraphML.UI.Uno\GraphML.UI.Uno.Shared\GraphML.UI.Uno.Shared.projitems*{2181651d-a765-4caa-9802-2a5628452363}*SharedItemsImports = 4
		GraphML.UI.Uno\GraphML.UI.Uno.Shared\GraphML.UI.Uno.Shared.projitems*{6279c845-92f8-4333-ab99-3d213163593c}*SharedItemsImports = 13
		GraphML.UI.Uno\GraphML.UI.Uno.Shared\GraphML.UI.Uno.Shared.projitems*{97ade730-a9e4-4677-b247-707be951034c}*SharedItemsImports = 5
		GraphML.UI.Uno\GraphML.UI.Uno.Shared\GraphML.UI.Uno.Shared.projitems*{f68ccff1-5656-47c0-b93a-2c31e8d8365c}*SharedItemsImports = 5
	EndGlobalSection
	GlobalSection(SolutionConfigurationPlatforms) = preSolution
		Debug|Any CPU = Debug|Any CPU
		Debug|ARM = Debug|ARM
		Debug|ARM64 = Debug|ARM64
		Debug|x64 = Debug|x64
		Debug|x86 = Debug|x86
		Release|Any CPU = Release|Any CPU
		Release|ARM = Release|ARM
		Release|ARM64 = Release|ARM64
		Release|x64 = Release|x64
		Release|x86 = Release|x86
	EndGlobalSection
	GlobalSection(ProjectConfigurationPlatforms) = postSolution
		{49402D91-E260-417E-BF6D-AC51BC7B6AA4}.Debug|Any CPU.ActiveCfg = Debug|Any CPU
		{49402D91-E260-417E-BF6D-AC51BC7B6AA4}.Debug|Any CPU.Build.0 = Debug|Any CPU
		{49402D91-E260-417E-BF6D-AC51BC7B6AA4}.Debug|ARM.ActiveCfg = Debug|Any CPU
		{49402D91-E260-417E-BF6D-AC51BC7B6AA4}.Debug|ARM.Build.0 = Debug|Any CPU
		{49402D91-E260-417E-BF6D-AC51BC7B6AA4}.Debug|ARM64.ActiveCfg = Debug|Any CPU
		{49402D91-E260-417E-BF6D-AC51BC7B6AA4}.Debug|ARM64.Build.0 = Debug|Any CPU
		{49402D91-E260-417E-BF6D-AC51BC7B6AA4}.Debug|x64.ActiveCfg = Debug|Any CPU
		{49402D91-E260-417E-BF6D-AC51BC7B6AA4}.Debug|x64.Build.0 = Debug|Any CPU
		{49402D91-E260-417E-BF6D-AC51BC7B6AA4}.Debug|x86.ActiveCfg = Debug|Any CPU
		{49402D91-E260-417E-BF6D-AC51BC7B6AA4}.Debug|x86.Build.0 = Debug|Any CPU
		{49402D91-E260-417E-BF6D-AC51BC7B6AA4}.Release|Any CPU.ActiveCfg = Release|Any CPU
		{49402D91-E260-417E-BF6D-AC51BC7B6AA4}.Release|Any CPU.Build.0 = Release|Any CPU
		{49402D91-E260-417E-BF6D-AC51BC7B6AA4}.Release|ARM.ActiveCfg = Release|Any CPU
		{49402D91-E260-417E-BF6D-AC51BC7B6AA4}.Release|ARM.Build.0 = Release|Any CPU
		{49402D91-E260-417E-BF6D-AC51BC7B6AA4}.Release|ARM64.ActiveCfg = Release|Any CPU
		{49402D91-E260-417E-BF6D-AC51BC7B6AA4}.Release|ARM64.Build.0 = Release|Any CPU
		{49402D91-E260-417E-BF6D-AC51BC7B6AA4}.Release|x64.ActiveCfg = Release|Any CPU
		{49402D91-E260-417E-BF6D-AC51BC7B6AA4}.Release|x64.Build.0 = Release|Any CPU
		{49402D91-E260-417E-BF6D-AC51BC7B6AA4}.Release|x86.ActiveCfg = Release|Any CPU
		{49402D91-E260-417E-BF6D-AC51BC7B6AA4}.Release|x86.Build.0 = Release|Any CPU
		{3A162D09-2CCE-45A6-82B7-DD01B2F45527}.Debug|Any CPU.ActiveCfg = Debug|Any CPU
		{3A162D09-2CCE-45A6-82B7-DD01B2F45527}.Debug|Any CPU.Build.0 = Debug|Any CPU
		{3A162D09-2CCE-45A6-82B7-DD01B2F45527}.Debug|ARM.ActiveCfg = Debug|Any CPU
		{3A162D09-2CCE-45A6-82B7-DD01B2F45527}.Debug|ARM.Build.0 = Debug|Any CPU
		{3A162D09-2CCE-45A6-82B7-DD01B2F45527}.Debug|ARM64.ActiveCfg = Debug|Any CPU
		{3A162D09-2CCE-45A6-82B7-DD01B2F45527}.Debug|ARM64.Build.0 = Debug|Any CPU
		{3A162D09-2CCE-45A6-82B7-DD01B2F45527}.Debug|x64.ActiveCfg = Debug|Any CPU
		{3A162D09-2CCE-45A6-82B7-DD01B2F45527}.Debug|x64.Build.0 = Debug|Any CPU
		{3A162D09-2CCE-45A6-82B7-DD01B2F45527}.Debug|x86.ActiveCfg = Debug|Any CPU
		{3A162D09-2CCE-45A6-82B7-DD01B2F45527}.Debug|x86.Build.0 = Debug|Any CPU
		{3A162D09-2CCE-45A6-82B7-DD01B2F45527}.Release|Any CPU.ActiveCfg = Release|Any CPU
		{3A162D09-2CCE-45A6-82B7-DD01B2F45527}.Release|Any CPU.Build.0 = Release|Any CPU
		{3A162D09-2CCE-45A6-82B7-DD01B2F45527}.Release|ARM.ActiveCfg = Release|Any CPU
		{3A162D09-2CCE-45A6-82B7-DD01B2F45527}.Release|ARM.Build.0 = Release|Any CPU
		{3A162D09-2CCE-45A6-82B7-DD01B2F45527}.Release|ARM64.ActiveCfg = Release|Any CPU
		{3A162D09-2CCE-45A6-82B7-DD01B2F45527}.Release|ARM64.Build.0 = Release|Any CPU
		{3A162D09-2CCE-45A6-82B7-DD01B2F45527}.Release|x64.ActiveCfg = Release|Any CPU
		{3A162D09-2CCE-45A6-82B7-DD01B2F45527}.Release|x64.Build.0 = Release|Any CPU
		{3A162D09-2CCE-45A6-82B7-DD01B2F45527}.Release|x86.ActiveCfg = Release|Any CPU
		{3A162D09-2CCE-45A6-82B7-DD01B2F45527}.Release|x86.Build.0 = Release|Any CPU
		{A7B89782-C9E6-4B89-9CD4-5DC84E22614F}.Debug|Any CPU.ActiveCfg = Debug|Any CPU
		{A7B89782-C9E6-4B89-9CD4-5DC84E22614F}.Debug|Any CPU.Build.0 = Debug|Any CPU
		{A7B89782-C9E6-4B89-9CD4-5DC84E22614F}.Debug|ARM.ActiveCfg = Debug|Any CPU
		{A7B89782-C9E6-4B89-9CD4-5DC84E22614F}.Debug|ARM.Build.0 = Debug|Any CPU
		{A7B89782-C9E6-4B89-9CD4-5DC84E22614F}.Debug|ARM64.ActiveCfg = Debug|Any CPU
		{A7B89782-C9E6-4B89-9CD4-5DC84E22614F}.Debug|ARM64.Build.0 = Debug|Any CPU
		{A7B89782-C9E6-4B89-9CD4-5DC84E22614F}.Debug|x64.ActiveCfg = Debug|Any CPU
		{A7B89782-C9E6-4B89-9CD4-5DC84E22614F}.Debug|x64.Build.0 = Debug|Any CPU
		{A7B89782-C9E6-4B89-9CD4-5DC84E22614F}.Debug|x86.ActiveCfg = Debug|Any CPU
		{A7B89782-C9E6-4B89-9CD4-5DC84E22614F}.Debug|x86.Build.0 = Debug|Any CPU
		{A7B89782-C9E6-4B89-9CD4-5DC84E22614F}.Release|Any CPU.ActiveCfg = Release|Any CPU
		{A7B89782-C9E6-4B89-9CD4-5DC84E22614F}.Release|Any CPU.Build.0 = Release|Any CPU
		{A7B89782-C9E6-4B89-9CD4-5DC84E22614F}.Release|ARM.ActiveCfg = Release|Any CPU
		{A7B89782-C9E6-4B89-9CD4-5DC84E22614F}.Release|ARM.Build.0 = Release|Any CPU
		{A7B89782-C9E6-4B89-9CD4-5DC84E22614F}.Release|ARM64.ActiveCfg = Release|Any CPU
		{A7B89782-C9E6-4B89-9CD4-5DC84E22614F}.Release|ARM64.Build.0 = Release|Any CPU
		{A7B89782-C9E6-4B89-9CD4-5DC84E22614F}.Release|x64.ActiveCfg = Release|Any CPU
		{A7B89782-C9E6-4B89-9CD4-5DC84E22614F}.Release|x64.Build.0 = Release|Any CPU
		{A7B89782-C9E6-4B89-9CD4-5DC84E22614F}.Release|x86.ActiveCfg = Release|Any CPU
		{A7B89782-C9E6-4B89-9CD4-5DC84E22614F}.Release|x86.Build.0 = Release|Any CPU
		{FA2B96C4-6CB8-48BC-86FD-82D99B39F318}.Debug|Any CPU.ActiveCfg = Debug|Any CPU
		{FA2B96C4-6CB8-48BC-86FD-82D99B39F318}.Debug|Any CPU.Build.0 = Debug|Any CPU
		{FA2B96C4-6CB8-48BC-86FD-82D99B39F318}.Debug|ARM.ActiveCfg = Debug|Any CPU
		{FA2B96C4-6CB8-48BC-86FD-82D99B39F318}.Debug|ARM.Build.0 = Debug|Any CPU
		{FA2B96C4-6CB8-48BC-86FD-82D99B39F318}.Debug|ARM64.ActiveCfg = Debug|Any CPU
		{FA2B96C4-6CB8-48BC-86FD-82D99B39F318}.Debug|ARM64.Build.0 = Debug|Any CPU
		{FA2B96C4-6CB8-48BC-86FD-82D99B39F318}.Debug|x64.ActiveCfg = Debug|Any CPU
		{FA2B96C4-6CB8-48BC-86FD-82D99B39F318}.Debug|x64.Build.0 = Debug|Any CPU
		{FA2B96C4-6CB8-48BC-86FD-82D99B39F318}.Debug|x86.ActiveCfg = Debug|Any CPU
		{FA2B96C4-6CB8-48BC-86FD-82D99B39F318}.Debug|x86.Build.0 = Debug|Any CPU
		{FA2B96C4-6CB8-48BC-86FD-82D99B39F318}.Release|Any CPU.ActiveCfg = Release|Any CPU
		{FA2B96C4-6CB8-48BC-86FD-82D99B39F318}.Release|Any CPU.Build.0 = Release|Any CPU
		{FA2B96C4-6CB8-48BC-86FD-82D99B39F318}.Release|ARM.ActiveCfg = Release|Any CPU
		{FA2B96C4-6CB8-48BC-86FD-82D99B39F318}.Release|ARM.Build.0 = Release|Any CPU
		{FA2B96C4-6CB8-48BC-86FD-82D99B39F318}.Release|ARM64.ActiveCfg = Release|Any CPU
		{FA2B96C4-6CB8-48BC-86FD-82D99B39F318}.Release|ARM64.Build.0 = Release|Any CPU
		{FA2B96C4-6CB8-48BC-86FD-82D99B39F318}.Release|x64.ActiveCfg = Release|Any CPU
		{FA2B96C4-6CB8-48BC-86FD-82D99B39F318}.Release|x64.Build.0 = Release|Any CPU
		{FA2B96C4-6CB8-48BC-86FD-82D99B39F318}.Release|x86.ActiveCfg = Release|Any CPU
		{FA2B96C4-6CB8-48BC-86FD-82D99B39F318}.Release|x86.Build.0 = Release|Any CPU
		{DB893DE6-27AA-4F59-B579-1D59146A9134}.Debug|Any CPU.ActiveCfg = Debug|Any CPU
		{DB893DE6-27AA-4F59-B579-1D59146A9134}.Debug|Any CPU.Build.0 = Debug|Any CPU
		{DB893DE6-27AA-4F59-B579-1D59146A9134}.Debug|ARM.ActiveCfg = Debug|Any CPU
		{DB893DE6-27AA-4F59-B579-1D59146A9134}.Debug|ARM.Build.0 = Debug|Any CPU
		{DB893DE6-27AA-4F59-B579-1D59146A9134}.Debug|ARM64.ActiveCfg = Debug|Any CPU
		{DB893DE6-27AA-4F59-B579-1D59146A9134}.Debug|ARM64.Build.0 = Debug|Any CPU
		{DB893DE6-27AA-4F59-B579-1D59146A9134}.Debug|x64.ActiveCfg = Debug|Any CPU
		{DB893DE6-27AA-4F59-B579-1D59146A9134}.Debug|x64.Build.0 = Debug|Any CPU
		{DB893DE6-27AA-4F59-B579-1D59146A9134}.Debug|x86.ActiveCfg = Debug|Any CPU
		{DB893DE6-27AA-4F59-B579-1D59146A9134}.Debug|x86.Build.0 = Debug|Any CPU
		{DB893DE6-27AA-4F59-B579-1D59146A9134}.Release|Any CPU.ActiveCfg = Release|Any CPU
		{DB893DE6-27AA-4F59-B579-1D59146A9134}.Release|Any CPU.Build.0 = Release|Any CPU
		{DB893DE6-27AA-4F59-B579-1D59146A9134}.Release|ARM.ActiveCfg = Release|Any CPU
		{DB893DE6-27AA-4F59-B579-1D59146A9134}.Release|ARM.Build.0 = Release|Any CPU
		{DB893DE6-27AA-4F59-B579-1D59146A9134}.Release|ARM64.ActiveCfg = Release|Any CPU
		{DB893DE6-27AA-4F59-B579-1D59146A9134}.Release|ARM64.Build.0 = Release|Any CPU
		{DB893DE6-27AA-4F59-B579-1D59146A9134}.Release|x64.ActiveCfg = Release|Any CPU
		{DB893DE6-27AA-4F59-B579-1D59146A9134}.Release|x64.Build.0 = Release|Any CPU
		{DB893DE6-27AA-4F59-B579-1D59146A9134}.Release|x86.ActiveCfg = Release|Any CPU
		{DB893DE6-27AA-4F59-B579-1D59146A9134}.Release|x86.Build.0 = Release|Any CPU
		{8934E4FC-3B35-4614-8E78-25698C0A0E46}.Debug|Any CPU.ActiveCfg = Debug|Any CPU
		{8934E4FC-3B35-4614-8E78-25698C0A0E46}.Debug|Any CPU.Build.0 = Debug|Any CPU
		{8934E4FC-3B35-4614-8E78-25698C0A0E46}.Debug|ARM.ActiveCfg = Debug|Any CPU
		{8934E4FC-3B35-4614-8E78-25698C0A0E46}.Debug|ARM.Build.0 = Debug|Any CPU
		{8934E4FC-3B35-4614-8E78-25698C0A0E46}.Debug|ARM64.ActiveCfg = Debug|Any CPU
		{8934E4FC-3B35-4614-8E78-25698C0A0E46}.Debug|ARM64.Build.0 = Debug|Any CPU
		{8934E4FC-3B35-4614-8E78-25698C0A0E46}.Debug|x64.ActiveCfg = Debug|Any CPU
		{8934E4FC-3B35-4614-8E78-25698C0A0E46}.Debug|x64.Build.0 = Debug|Any CPU
		{8934E4FC-3B35-4614-8E78-25698C0A0E46}.Debug|x86.ActiveCfg = Debug|Any CPU
		{8934E4FC-3B35-4614-8E78-25698C0A0E46}.Debug|x86.Build.0 = Debug|Any CPU
		{8934E4FC-3B35-4614-8E78-25698C0A0E46}.Release|Any CPU.ActiveCfg = Release|Any CPU
		{8934E4FC-3B35-4614-8E78-25698C0A0E46}.Release|Any CPU.Build.0 = Release|Any CPU
		{8934E4FC-3B35-4614-8E78-25698C0A0E46}.Release|ARM.ActiveCfg = Release|Any CPU
		{8934E4FC-3B35-4614-8E78-25698C0A0E46}.Release|ARM.Build.0 = Release|Any CPU
		{8934E4FC-3B35-4614-8E78-25698C0A0E46}.Release|ARM64.ActiveCfg = Release|Any CPU
		{8934E4FC-3B35-4614-8E78-25698C0A0E46}.Release|ARM64.Build.0 = Release|Any CPU
		{8934E4FC-3B35-4614-8E78-25698C0A0E46}.Release|x64.ActiveCfg = Release|Any CPU
		{8934E4FC-3B35-4614-8E78-25698C0A0E46}.Release|x64.Build.0 = Release|Any CPU
		{8934E4FC-3B35-4614-8E78-25698C0A0E46}.Release|x86.ActiveCfg = Release|Any CPU
		{8934E4FC-3B35-4614-8E78-25698C0A0E46}.Release|x86.Build.0 = Release|Any CPU
		{CB77FAD5-FF96-4250-8823-9F043BD52EDD}.Debug|Any CPU.ActiveCfg = Debug|Any CPU
		{CB77FAD5-FF96-4250-8823-9F043BD52EDD}.Debug|Any CPU.Build.0 = Debug|Any CPU
		{CB77FAD5-FF96-4250-8823-9F043BD52EDD}.Debug|ARM.ActiveCfg = Debug|Any CPU
		{CB77FAD5-FF96-4250-8823-9F043BD52EDD}.Debug|ARM.Build.0 = Debug|Any CPU
		{CB77FAD5-FF96-4250-8823-9F043BD52EDD}.Debug|ARM64.ActiveCfg = Debug|Any CPU
		{CB77FAD5-FF96-4250-8823-9F043BD52EDD}.Debug|ARM64.Build.0 = Debug|Any CPU
		{CB77FAD5-FF96-4250-8823-9F043BD52EDD}.Debug|x64.ActiveCfg = Debug|Any CPU
		{CB77FAD5-FF96-4250-8823-9F043BD52EDD}.Debug|x64.Build.0 = Debug|Any CPU
		{CB77FAD5-FF96-4250-8823-9F043BD52EDD}.Debug|x86.ActiveCfg = Debug|Any CPU
		{CB77FAD5-FF96-4250-8823-9F043BD52EDD}.Debug|x86.Build.0 = Debug|Any CPU
		{CB77FAD5-FF96-4250-8823-9F043BD52EDD}.Release|Any CPU.ActiveCfg = Release|Any CPU
		{CB77FAD5-FF96-4250-8823-9F043BD52EDD}.Release|Any CPU.Build.0 = Release|Any CPU
		{CB77FAD5-FF96-4250-8823-9F043BD52EDD}.Release|ARM.ActiveCfg = Release|Any CPU
		{CB77FAD5-FF96-4250-8823-9F043BD52EDD}.Release|ARM.Build.0 = Release|Any CPU
		{CB77FAD5-FF96-4250-8823-9F043BD52EDD}.Release|ARM64.ActiveCfg = Release|Any CPU
		{CB77FAD5-FF96-4250-8823-9F043BD52EDD}.Release|ARM64.Build.0 = Release|Any CPU
		{CB77FAD5-FF96-4250-8823-9F043BD52EDD}.Release|x64.ActiveCfg = Release|Any CPU
		{CB77FAD5-FF96-4250-8823-9F043BD52EDD}.Release|x64.Build.0 = Release|Any CPU
		{CB77FAD5-FF96-4250-8823-9F043BD52EDD}.Release|x86.ActiveCfg = Release|Any CPU
		{CB77FAD5-FF96-4250-8823-9F043BD52EDD}.Release|x86.Build.0 = Release|Any CPU
		{6F022EB1-FF63-41D9-ADA9-C2C7F2756261}.Debug|Any CPU.ActiveCfg = Debug|Any CPU
		{6F022EB1-FF63-41D9-ADA9-C2C7F2756261}.Debug|Any CPU.Build.0 = Debug|Any CPU
		{6F022EB1-FF63-41D9-ADA9-C2C7F2756261}.Debug|ARM.ActiveCfg = Debug|Any CPU
		{6F022EB1-FF63-41D9-ADA9-C2C7F2756261}.Debug|ARM.Build.0 = Debug|Any CPU
		{6F022EB1-FF63-41D9-ADA9-C2C7F2756261}.Debug|ARM64.ActiveCfg = Debug|Any CPU
		{6F022EB1-FF63-41D9-ADA9-C2C7F2756261}.Debug|ARM64.Build.0 = Debug|Any CPU
		{6F022EB1-FF63-41D9-ADA9-C2C7F2756261}.Debug|x64.ActiveCfg = Debug|Any CPU
		{6F022EB1-FF63-41D9-ADA9-C2C7F2756261}.Debug|x64.Build.0 = Debug|Any CPU
		{6F022EB1-FF63-41D9-ADA9-C2C7F2756261}.Debug|x86.ActiveCfg = Debug|Any CPU
		{6F022EB1-FF63-41D9-ADA9-C2C7F2756261}.Debug|x86.Build.0 = Debug|Any CPU
		{6F022EB1-FF63-41D9-ADA9-C2C7F2756261}.Release|Any CPU.ActiveCfg = Release|Any CPU
		{6F022EB1-FF63-41D9-ADA9-C2C7F2756261}.Release|Any CPU.Build.0 = Release|Any CPU
		{6F022EB1-FF63-41D9-ADA9-C2C7F2756261}.Release|ARM.ActiveCfg = Release|Any CPU
		{6F022EB1-FF63-41D9-ADA9-C2C7F2756261}.Release|ARM.Build.0 = Release|Any CPU
		{6F022EB1-FF63-41D9-ADA9-C2C7F2756261}.Release|ARM64.ActiveCfg = Release|Any CPU
		{6F022EB1-FF63-41D9-ADA9-C2C7F2756261}.Release|ARM64.Build.0 = Release|Any CPU
		{6F022EB1-FF63-41D9-ADA9-C2C7F2756261}.Release|x64.ActiveCfg = Release|Any CPU
		{6F022EB1-FF63-41D9-ADA9-C2C7F2756261}.Release|x64.Build.0 = Release|Any CPU
		{6F022EB1-FF63-41D9-ADA9-C2C7F2756261}.Release|x86.ActiveCfg = Release|Any CPU
		{6F022EB1-FF63-41D9-ADA9-C2C7F2756261}.Release|x86.Build.0 = Release|Any CPU
		{2873BF9F-61E7-465E-9C00-DFA64FBD321D}.Debug|Any CPU.ActiveCfg = Debug|Any CPU
		{2873BF9F-61E7-465E-9C00-DFA64FBD321D}.Debug|Any CPU.Build.0 = Debug|Any CPU
		{2873BF9F-61E7-465E-9C00-DFA64FBD321D}.Debug|ARM.ActiveCfg = Debug|Any CPU
		{2873BF9F-61E7-465E-9C00-DFA64FBD321D}.Debug|ARM.Build.0 = Debug|Any CPU
		{2873BF9F-61E7-465E-9C00-DFA64FBD321D}.Debug|ARM64.ActiveCfg = Debug|Any CPU
		{2873BF9F-61E7-465E-9C00-DFA64FBD321D}.Debug|ARM64.Build.0 = Debug|Any CPU
		{2873BF9F-61E7-465E-9C00-DFA64FBD321D}.Debug|x64.ActiveCfg = Debug|Any CPU
		{2873BF9F-61E7-465E-9C00-DFA64FBD321D}.Debug|x64.Build.0 = Debug|Any CPU
		{2873BF9F-61E7-465E-9C00-DFA64FBD321D}.Debug|x86.ActiveCfg = Debug|Any CPU
		{2873BF9F-61E7-465E-9C00-DFA64FBD321D}.Debug|x86.Build.0 = Debug|Any CPU
		{2873BF9F-61E7-465E-9C00-DFA64FBD321D}.Release|Any CPU.ActiveCfg = Release|Any CPU
		{2873BF9F-61E7-465E-9C00-DFA64FBD321D}.Release|Any CPU.Build.0 = Release|Any CPU
		{2873BF9F-61E7-465E-9C00-DFA64FBD321D}.Release|ARM.ActiveCfg = Release|Any CPU
		{2873BF9F-61E7-465E-9C00-DFA64FBD321D}.Release|ARM.Build.0 = Release|Any CPU
		{2873BF9F-61E7-465E-9C00-DFA64FBD321D}.Release|ARM64.ActiveCfg = Release|Any CPU
		{2873BF9F-61E7-465E-9C00-DFA64FBD321D}.Release|ARM64.Build.0 = Release|Any CPU
		{2873BF9F-61E7-465E-9C00-DFA64FBD321D}.Release|x64.ActiveCfg = Release|Any CPU
		{2873BF9F-61E7-465E-9C00-DFA64FBD321D}.Release|x64.Build.0 = Release|Any CPU
		{2873BF9F-61E7-465E-9C00-DFA64FBD321D}.Release|x86.ActiveCfg = Release|Any CPU
		{2873BF9F-61E7-465E-9C00-DFA64FBD321D}.Release|x86.Build.0 = Release|Any CPU
		{F1410EF7-4014-4B4B-9EE7-16A182DB7F4F}.Debug|Any CPU.ActiveCfg = Debug|Any CPU
		{F1410EF7-4014-4B4B-9EE7-16A182DB7F4F}.Debug|Any CPU.Build.0 = Debug|Any CPU
		{F1410EF7-4014-4B4B-9EE7-16A182DB7F4F}.Debug|ARM.ActiveCfg = Debug|Any CPU
		{F1410EF7-4014-4B4B-9EE7-16A182DB7F4F}.Debug|ARM.Build.0 = Debug|Any CPU
		{F1410EF7-4014-4B4B-9EE7-16A182DB7F4F}.Debug|ARM64.ActiveCfg = Debug|Any CPU
		{F1410EF7-4014-4B4B-9EE7-16A182DB7F4F}.Debug|ARM64.Build.0 = Debug|Any CPU
		{F1410EF7-4014-4B4B-9EE7-16A182DB7F4F}.Debug|x64.ActiveCfg = Debug|Any CPU
		{F1410EF7-4014-4B4B-9EE7-16A182DB7F4F}.Debug|x64.Build.0 = Debug|Any CPU
		{F1410EF7-4014-4B4B-9EE7-16A182DB7F4F}.Debug|x86.ActiveCfg = Debug|Any CPU
		{F1410EF7-4014-4B4B-9EE7-16A182DB7F4F}.Debug|x86.Build.0 = Debug|Any CPU
		{F1410EF7-4014-4B4B-9EE7-16A182DB7F4F}.Release|Any CPU.ActiveCfg = Release|Any CPU
		{F1410EF7-4014-4B4B-9EE7-16A182DB7F4F}.Release|Any CPU.Build.0 = Release|Any CPU
		{F1410EF7-4014-4B4B-9EE7-16A182DB7F4F}.Release|ARM.ActiveCfg = Release|Any CPU
		{F1410EF7-4014-4B4B-9EE7-16A182DB7F4F}.Release|ARM.Build.0 = Release|Any CPU
		{F1410EF7-4014-4B4B-9EE7-16A182DB7F4F}.Release|ARM64.ActiveCfg = Release|Any CPU
		{F1410EF7-4014-4B4B-9EE7-16A182DB7F4F}.Release|ARM64.Build.0 = Release|Any CPU
		{F1410EF7-4014-4B4B-9EE7-16A182DB7F4F}.Release|x64.ActiveCfg = Release|Any CPU
		{F1410EF7-4014-4B4B-9EE7-16A182DB7F4F}.Release|x64.Build.0 = Release|Any CPU
		{F1410EF7-4014-4B4B-9EE7-16A182DB7F4F}.Release|x86.ActiveCfg = Release|Any CPU
		{F1410EF7-4014-4B4B-9EE7-16A182DB7F4F}.Release|x86.Build.0 = Release|Any CPU
		{4B88F9D8-7A36-46A8-889B-B37BA645209B}.Debug|Any CPU.ActiveCfg = Debug|Any CPU
		{4B88F9D8-7A36-46A8-889B-B37BA645209B}.Debug|Any CPU.Build.0 = Debug|Any CPU
		{4B88F9D8-7A36-46A8-889B-B37BA645209B}.Debug|ARM.ActiveCfg = Debug|Any CPU
		{4B88F9D8-7A36-46A8-889B-B37BA645209B}.Debug|ARM.Build.0 = Debug|Any CPU
		{4B88F9D8-7A36-46A8-889B-B37BA645209B}.Debug|ARM64.ActiveCfg = Debug|Any CPU
		{4B88F9D8-7A36-46A8-889B-B37BA645209B}.Debug|ARM64.Build.0 = Debug|Any CPU
		{4B88F9D8-7A36-46A8-889B-B37BA645209B}.Debug|x64.ActiveCfg = Debug|Any CPU
		{4B88F9D8-7A36-46A8-889B-B37BA645209B}.Debug|x64.Build.0 = Debug|Any CPU
		{4B88F9D8-7A36-46A8-889B-B37BA645209B}.Debug|x86.ActiveCfg = Debug|Any CPU
		{4B88F9D8-7A36-46A8-889B-B37BA645209B}.Debug|x86.Build.0 = Debug|Any CPU
		{4B88F9D8-7A36-46A8-889B-B37BA645209B}.Release|Any CPU.ActiveCfg = Release|Any CPU
		{4B88F9D8-7A36-46A8-889B-B37BA645209B}.Release|Any CPU.Build.0 = Release|Any CPU
		{4B88F9D8-7A36-46A8-889B-B37BA645209B}.Release|ARM.ActiveCfg = Release|Any CPU
		{4B88F9D8-7A36-46A8-889B-B37BA645209B}.Release|ARM.Build.0 = Release|Any CPU
		{4B88F9D8-7A36-46A8-889B-B37BA645209B}.Release|ARM64.ActiveCfg = Release|Any CPU
		{4B88F9D8-7A36-46A8-889B-B37BA645209B}.Release|ARM64.Build.0 = Release|Any CPU
		{4B88F9D8-7A36-46A8-889B-B37BA645209B}.Release|x64.ActiveCfg = Release|Any CPU
		{4B88F9D8-7A36-46A8-889B-B37BA645209B}.Release|x64.Build.0 = Release|Any CPU
		{4B88F9D8-7A36-46A8-889B-B37BA645209B}.Release|x86.ActiveCfg = Release|Any CPU
		{4B88F9D8-7A36-46A8-889B-B37BA645209B}.Release|x86.Build.0 = Release|Any CPU
		{CE1FDD2C-7382-44A5-95BB-E4B1C1C05C59}.Debug|Any CPU.ActiveCfg = Debug|Any CPU
		{CE1FDD2C-7382-44A5-95BB-E4B1C1C05C59}.Debug|Any CPU.Build.0 = Debug|Any CPU
		{CE1FDD2C-7382-44A5-95BB-E4B1C1C05C59}.Debug|ARM.ActiveCfg = Debug|Any CPU
		{CE1FDD2C-7382-44A5-95BB-E4B1C1C05C59}.Debug|ARM.Build.0 = Debug|Any CPU
		{CE1FDD2C-7382-44A5-95BB-E4B1C1C05C59}.Debug|ARM64.ActiveCfg = Debug|Any CPU
		{CE1FDD2C-7382-44A5-95BB-E4B1C1C05C59}.Debug|ARM64.Build.0 = Debug|Any CPU
		{CE1FDD2C-7382-44A5-95BB-E4B1C1C05C59}.Debug|x64.ActiveCfg = Debug|Any CPU
		{CE1FDD2C-7382-44A5-95BB-E4B1C1C05C59}.Debug|x64.Build.0 = Debug|Any CPU
		{CE1FDD2C-7382-44A5-95BB-E4B1C1C05C59}.Debug|x86.ActiveCfg = Debug|Any CPU
		{CE1FDD2C-7382-44A5-95BB-E4B1C1C05C59}.Debug|x86.Build.0 = Debug|Any CPU
		{CE1FDD2C-7382-44A5-95BB-E4B1C1C05C59}.Release|Any CPU.ActiveCfg = Release|Any CPU
		{CE1FDD2C-7382-44A5-95BB-E4B1C1C05C59}.Release|Any CPU.Build.0 = Release|Any CPU
		{CE1FDD2C-7382-44A5-95BB-E4B1C1C05C59}.Release|ARM.ActiveCfg = Release|Any CPU
		{CE1FDD2C-7382-44A5-95BB-E4B1C1C05C59}.Release|ARM.Build.0 = Release|Any CPU
		{CE1FDD2C-7382-44A5-95BB-E4B1C1C05C59}.Release|ARM64.ActiveCfg = Release|Any CPU
		{CE1FDD2C-7382-44A5-95BB-E4B1C1C05C59}.Release|ARM64.Build.0 = Release|Any CPU
		{CE1FDD2C-7382-44A5-95BB-E4B1C1C05C59}.Release|x64.ActiveCfg = Release|Any CPU
		{CE1FDD2C-7382-44A5-95BB-E4B1C1C05C59}.Release|x64.Build.0 = Release|Any CPU
		{CE1FDD2C-7382-44A5-95BB-E4B1C1C05C59}.Release|x86.ActiveCfg = Release|Any CPU
		{CE1FDD2C-7382-44A5-95BB-E4B1C1C05C59}.Release|x86.Build.0 = Release|Any CPU
		{CEDB2E7C-9901-43D3-B4A5-D34771BBEF9E}.Debug|Any CPU.ActiveCfg = Debug|Any CPU
		{CEDB2E7C-9901-43D3-B4A5-D34771BBEF9E}.Debug|Any CPU.Build.0 = Debug|Any CPU
		{CEDB2E7C-9901-43D3-B4A5-D34771BBEF9E}.Debug|ARM.ActiveCfg = Debug|Any CPU
		{CEDB2E7C-9901-43D3-B4A5-D34771BBEF9E}.Debug|ARM.Build.0 = Debug|Any CPU
		{CEDB2E7C-9901-43D3-B4A5-D34771BBEF9E}.Debug|ARM64.ActiveCfg = Debug|Any CPU
		{CEDB2E7C-9901-43D3-B4A5-D34771BBEF9E}.Debug|ARM64.Build.0 = Debug|Any CPU
		{CEDB2E7C-9901-43D3-B4A5-D34771BBEF9E}.Debug|x64.ActiveCfg = Debug|Any CPU
		{CEDB2E7C-9901-43D3-B4A5-D34771BBEF9E}.Debug|x64.Build.0 = Debug|Any CPU
		{CEDB2E7C-9901-43D3-B4A5-D34771BBEF9E}.Debug|x86.ActiveCfg = Debug|Any CPU
		{CEDB2E7C-9901-43D3-B4A5-D34771BBEF9E}.Debug|x86.Build.0 = Debug|Any CPU
		{CEDB2E7C-9901-43D3-B4A5-D34771BBEF9E}.Release|Any CPU.ActiveCfg = Release|Any CPU
		{CEDB2E7C-9901-43D3-B4A5-D34771BBEF9E}.Release|Any CPU.Build.0 = Release|Any CPU
		{CEDB2E7C-9901-43D3-B4A5-D34771BBEF9E}.Release|ARM.ActiveCfg = Release|Any CPU
		{CEDB2E7C-9901-43D3-B4A5-D34771BBEF9E}.Release|ARM.Build.0 = Release|Any CPU
		{CEDB2E7C-9901-43D3-B4A5-D34771BBEF9E}.Release|ARM64.ActiveCfg = Release|Any CPU
		{CEDB2E7C-9901-43D3-B4A5-D34771BBEF9E}.Release|ARM64.Build.0 = Release|Any CPU
		{CEDB2E7C-9901-43D3-B4A5-D34771BBEF9E}.Release|x64.ActiveCfg = Release|Any CPU
		{CEDB2E7C-9901-43D3-B4A5-D34771BBEF9E}.Release|x64.Build.0 = Release|Any CPU
		{CEDB2E7C-9901-43D3-B4A5-D34771BBEF9E}.Release|x86.ActiveCfg = Release|Any CPU
		{CEDB2E7C-9901-43D3-B4A5-D34771BBEF9E}.Release|x86.Build.0 = Release|Any CPU
		{2D220D26-1B23-46F2-97A8-9451670DDCBC}.Debug|Any CPU.ActiveCfg = Debug|Any CPU
		{2D220D26-1B23-46F2-97A8-9451670DDCBC}.Debug|Any CPU.Build.0 = Debug|Any CPU
		{2D220D26-1B23-46F2-97A8-9451670DDCBC}.Debug|ARM.ActiveCfg = Debug|Any CPU
		{2D220D26-1B23-46F2-97A8-9451670DDCBC}.Debug|ARM.Build.0 = Debug|Any CPU
		{2D220D26-1B23-46F2-97A8-9451670DDCBC}.Debug|ARM64.ActiveCfg = Debug|Any CPU
		{2D220D26-1B23-46F2-97A8-9451670DDCBC}.Debug|ARM64.Build.0 = Debug|Any CPU
		{2D220D26-1B23-46F2-97A8-9451670DDCBC}.Debug|x64.ActiveCfg = Debug|Any CPU
		{2D220D26-1B23-46F2-97A8-9451670DDCBC}.Debug|x64.Build.0 = Debug|Any CPU
		{2D220D26-1B23-46F2-97A8-9451670DDCBC}.Debug|x86.ActiveCfg = Debug|Any CPU
		{2D220D26-1B23-46F2-97A8-9451670DDCBC}.Debug|x86.Build.0 = Debug|Any CPU
		{2D220D26-1B23-46F2-97A8-9451670DDCBC}.Release|Any CPU.ActiveCfg = Release|Any CPU
		{2D220D26-1B23-46F2-97A8-9451670DDCBC}.Release|Any CPU.Build.0 = Release|Any CPU
		{2D220D26-1B23-46F2-97A8-9451670DDCBC}.Release|ARM.ActiveCfg = Release|Any CPU
		{2D220D26-1B23-46F2-97A8-9451670DDCBC}.Release|ARM.Build.0 = Release|Any CPU
		{2D220D26-1B23-46F2-97A8-9451670DDCBC}.Release|ARM64.ActiveCfg = Release|Any CPU
		{2D220D26-1B23-46F2-97A8-9451670DDCBC}.Release|ARM64.Build.0 = Release|Any CPU
		{2D220D26-1B23-46F2-97A8-9451670DDCBC}.Release|x64.ActiveCfg = Release|Any CPU
		{2D220D26-1B23-46F2-97A8-9451670DDCBC}.Release|x64.Build.0 = Release|Any CPU
		{2D220D26-1B23-46F2-97A8-9451670DDCBC}.Release|x86.ActiveCfg = Release|Any CPU
		{2D220D26-1B23-46F2-97A8-9451670DDCBC}.Release|x86.Build.0 = Release|Any CPU
		{5A886F72-B570-4373-AE89-96ADE25E7523}.Debug|Any CPU.ActiveCfg = Debug|Any CPU
		{5A886F72-B570-4373-AE89-96ADE25E7523}.Debug|Any CPU.Build.0 = Debug|Any CPU
		{5A886F72-B570-4373-AE89-96ADE25E7523}.Debug|ARM.ActiveCfg = Debug|Any CPU
		{5A886F72-B570-4373-AE89-96ADE25E7523}.Debug|ARM.Build.0 = Debug|Any CPU
		{5A886F72-B570-4373-AE89-96ADE25E7523}.Debug|ARM64.ActiveCfg = Debug|Any CPU
		{5A886F72-B570-4373-AE89-96ADE25E7523}.Debug|ARM64.Build.0 = Debug|Any CPU
		{5A886F72-B570-4373-AE89-96ADE25E7523}.Debug|x64.ActiveCfg = Debug|Any CPU
		{5A886F72-B570-4373-AE89-96ADE25E7523}.Debug|x64.Build.0 = Debug|Any CPU
		{5A886F72-B570-4373-AE89-96ADE25E7523}.Debug|x86.ActiveCfg = Debug|Any CPU
		{5A886F72-B570-4373-AE89-96ADE25E7523}.Debug|x86.Build.0 = Debug|Any CPU
		{5A886F72-B570-4373-AE89-96ADE25E7523}.Release|Any CPU.ActiveCfg = Release|Any CPU
		{5A886F72-B570-4373-AE89-96ADE25E7523}.Release|Any CPU.Build.0 = Release|Any CPU
		{5A886F72-B570-4373-AE89-96ADE25E7523}.Release|ARM.ActiveCfg = Release|Any CPU
		{5A886F72-B570-4373-AE89-96ADE25E7523}.Release|ARM.Build.0 = Release|Any CPU
		{5A886F72-B570-4373-AE89-96ADE25E7523}.Release|ARM64.ActiveCfg = Release|Any CPU
		{5A886F72-B570-4373-AE89-96ADE25E7523}.Release|ARM64.Build.0 = Release|Any CPU
		{5A886F72-B570-4373-AE89-96ADE25E7523}.Release|x64.ActiveCfg = Release|Any CPU
		{5A886F72-B570-4373-AE89-96ADE25E7523}.Release|x64.Build.0 = Release|Any CPU
		{5A886F72-B570-4373-AE89-96ADE25E7523}.Release|x86.ActiveCfg = Release|Any CPU
		{5A886F72-B570-4373-AE89-96ADE25E7523}.Release|x86.Build.0 = Release|Any CPU
		{E52352AD-4D90-47D2-9C23-0E7639D135EE}.Debug|Any CPU.ActiveCfg = Debug|Any CPU
		{E52352AD-4D90-47D2-9C23-0E7639D135EE}.Debug|Any CPU.Build.0 = Debug|Any CPU
		{E52352AD-4D90-47D2-9C23-0E7639D135EE}.Debug|ARM.ActiveCfg = Debug|Any CPU
		{E52352AD-4D90-47D2-9C23-0E7639D135EE}.Debug|ARM.Build.0 = Debug|Any CPU
		{E52352AD-4D90-47D2-9C23-0E7639D135EE}.Debug|ARM64.ActiveCfg = Debug|Any CPU
		{E52352AD-4D90-47D2-9C23-0E7639D135EE}.Debug|ARM64.Build.0 = Debug|Any CPU
		{E52352AD-4D90-47D2-9C23-0E7639D135EE}.Debug|x64.ActiveCfg = Debug|Any CPU
		{E52352AD-4D90-47D2-9C23-0E7639D135EE}.Debug|x64.Build.0 = Debug|Any CPU
		{E52352AD-4D90-47D2-9C23-0E7639D135EE}.Debug|x86.ActiveCfg = Debug|Any CPU
		{E52352AD-4D90-47D2-9C23-0E7639D135EE}.Debug|x86.Build.0 = Debug|Any CPU
		{E52352AD-4D90-47D2-9C23-0E7639D135EE}.Release|Any CPU.ActiveCfg = Release|Any CPU
		{E52352AD-4D90-47D2-9C23-0E7639D135EE}.Release|Any CPU.Build.0 = Release|Any CPU
		{E52352AD-4D90-47D2-9C23-0E7639D135EE}.Release|ARM.ActiveCfg = Release|Any CPU
		{E52352AD-4D90-47D2-9C23-0E7639D135EE}.Release|ARM.Build.0 = Release|Any CPU
		{E52352AD-4D90-47D2-9C23-0E7639D135EE}.Release|ARM64.ActiveCfg = Release|Any CPU
		{E52352AD-4D90-47D2-9C23-0E7639D135EE}.Release|ARM64.Build.0 = Release|Any CPU
		{E52352AD-4D90-47D2-9C23-0E7639D135EE}.Release|x64.ActiveCfg = Release|Any CPU
		{E52352AD-4D90-47D2-9C23-0E7639D135EE}.Release|x64.Build.0 = Release|Any CPU
		{E52352AD-4D90-47D2-9C23-0E7639D135EE}.Release|x86.ActiveCfg = Release|Any CPU
		{E52352AD-4D90-47D2-9C23-0E7639D135EE}.Release|x86.Build.0 = Release|Any CPU
		{C5C6C9AB-4849-44FA-9009-2033C0859C45}.Debug|Any CPU.ActiveCfg = Debug|Any CPU
		{C5C6C9AB-4849-44FA-9009-2033C0859C45}.Debug|Any CPU.Build.0 = Debug|Any CPU
		{C5C6C9AB-4849-44FA-9009-2033C0859C45}.Debug|ARM.ActiveCfg = Debug|Any CPU
		{C5C6C9AB-4849-44FA-9009-2033C0859C45}.Debug|ARM.Build.0 = Debug|Any CPU
		{C5C6C9AB-4849-44FA-9009-2033C0859C45}.Debug|ARM64.ActiveCfg = Debug|Any CPU
		{C5C6C9AB-4849-44FA-9009-2033C0859C45}.Debug|ARM64.Build.0 = Debug|Any CPU
		{C5C6C9AB-4849-44FA-9009-2033C0859C45}.Debug|x64.ActiveCfg = Debug|Any CPU
		{C5C6C9AB-4849-44FA-9009-2033C0859C45}.Debug|x64.Build.0 = Debug|Any CPU
		{C5C6C9AB-4849-44FA-9009-2033C0859C45}.Debug|x86.ActiveCfg = Debug|Any CPU
		{C5C6C9AB-4849-44FA-9009-2033C0859C45}.Debug|x86.Build.0 = Debug|Any CPU
		{C5C6C9AB-4849-44FA-9009-2033C0859C45}.Release|Any CPU.ActiveCfg = Release|Any CPU
		{C5C6C9AB-4849-44FA-9009-2033C0859C45}.Release|Any CPU.Build.0 = Release|Any CPU
		{C5C6C9AB-4849-44FA-9009-2033C0859C45}.Release|ARM.ActiveCfg = Release|Any CPU
		{C5C6C9AB-4849-44FA-9009-2033C0859C45}.Release|ARM.Build.0 = Release|Any CPU
		{C5C6C9AB-4849-44FA-9009-2033C0859C45}.Release|ARM64.ActiveCfg = Release|Any CPU
		{C5C6C9AB-4849-44FA-9009-2033C0859C45}.Release|ARM64.Build.0 = Release|Any CPU
		{C5C6C9AB-4849-44FA-9009-2033C0859C45}.Release|x64.ActiveCfg = Release|Any CPU
		{C5C6C9AB-4849-44FA-9009-2033C0859C45}.Release|x64.Build.0 = Release|Any CPU
		{C5C6C9AB-4849-44FA-9009-2033C0859C45}.Release|x86.ActiveCfg = Release|Any CPU
		{C5C6C9AB-4849-44FA-9009-2033C0859C45}.Release|x86.Build.0 = Release|Any CPU
		{97ADE730-A9E4-4677-B247-707BE951034C}.Debug|Any CPU.ActiveCfg = Debug|Any CPU
		{97ADE730-A9E4-4677-B247-707BE951034C}.Debug|Any CPU.Build.0 = Debug|Any CPU
		{97ADE730-A9E4-4677-B247-707BE951034C}.Debug|ARM.ActiveCfg = Debug|Any CPU
		{97ADE730-A9E4-4677-B247-707BE951034C}.Debug|ARM.Build.0 = Debug|Any CPU
		{97ADE730-A9E4-4677-B247-707BE951034C}.Debug|ARM64.ActiveCfg = Debug|Any CPU
		{97ADE730-A9E4-4677-B247-707BE951034C}.Debug|ARM64.Build.0 = Debug|Any CPU
		{97ADE730-A9E4-4677-B247-707BE951034C}.Debug|x64.ActiveCfg = Debug|Any CPU
		{97ADE730-A9E4-4677-B247-707BE951034C}.Debug|x64.Build.0 = Debug|Any CPU
		{97ADE730-A9E4-4677-B247-707BE951034C}.Debug|x86.ActiveCfg = Debug|Any CPU
		{97ADE730-A9E4-4677-B247-707BE951034C}.Debug|x86.Build.0 = Debug|Any CPU
		{97ADE730-A9E4-4677-B247-707BE951034C}.Release|Any CPU.ActiveCfg = Release|Any CPU
		{97ADE730-A9E4-4677-B247-707BE951034C}.Release|Any CPU.Build.0 = Release|Any CPU
		{97ADE730-A9E4-4677-B247-707BE951034C}.Release|ARM.ActiveCfg = Release|Any CPU
		{97ADE730-A9E4-4677-B247-707BE951034C}.Release|ARM.Build.0 = Release|Any CPU
		{97ADE730-A9E4-4677-B247-707BE951034C}.Release|ARM64.ActiveCfg = Release|Any CPU
		{97ADE730-A9E4-4677-B247-707BE951034C}.Release|ARM64.Build.0 = Release|Any CPU
		{97ADE730-A9E4-4677-B247-707BE951034C}.Release|x64.ActiveCfg = Release|Any CPU
		{97ADE730-A9E4-4677-B247-707BE951034C}.Release|x64.Build.0 = Release|Any CPU
		{97ADE730-A9E4-4677-B247-707BE951034C}.Release|x86.ActiveCfg = Release|Any CPU
		{97ADE730-A9E4-4677-B247-707BE951034C}.Release|x86.Build.0 = Release|Any CPU
		{0BB32C37-BAF2-4455-8DD5-09FBF8F96B25}.Debug|Any CPU.ActiveCfg = Debug|Any CPU
		{0BB32C37-BAF2-4455-8DD5-09FBF8F96B25}.Debug|Any CPU.Build.0 = Debug|Any CPU
		{0BB32C37-BAF2-4455-8DD5-09FBF8F96B25}.Debug|ARM.ActiveCfg = Debug|Any CPU
		{0BB32C37-BAF2-4455-8DD5-09FBF8F96B25}.Debug|ARM.Build.0 = Debug|Any CPU
		{0BB32C37-BAF2-4455-8DD5-09FBF8F96B25}.Debug|ARM64.ActiveCfg = Debug|Any CPU
		{0BB32C37-BAF2-4455-8DD5-09FBF8F96B25}.Debug|ARM64.Build.0 = Debug|Any CPU
		{0BB32C37-BAF2-4455-8DD5-09FBF8F96B25}.Debug|x64.ActiveCfg = Debug|Any CPU
		{0BB32C37-BAF2-4455-8DD5-09FBF8F96B25}.Debug|x64.Build.0 = Debug|Any CPU
		{0BB32C37-BAF2-4455-8DD5-09FBF8F96B25}.Debug|x86.ActiveCfg = Debug|Any CPU
		{0BB32C37-BAF2-4455-8DD5-09FBF8F96B25}.Debug|x86.Build.0 = Debug|Any CPU
		{0BB32C37-BAF2-4455-8DD5-09FBF8F96B25}.Release|Any CPU.ActiveCfg = Release|Any CPU
		{0BB32C37-BAF2-4455-8DD5-09FBF8F96B25}.Release|Any CPU.Build.0 = Release|Any CPU
		{0BB32C37-BAF2-4455-8DD5-09FBF8F96B25}.Release|ARM.ActiveCfg = Release|Any CPU
		{0BB32C37-BAF2-4455-8DD5-09FBF8F96B25}.Release|ARM.Build.0 = Release|Any CPU
		{0BB32C37-BAF2-4455-8DD5-09FBF8F96B25}.Release|ARM64.ActiveCfg = Release|Any CPU
		{0BB32C37-BAF2-4455-8DD5-09FBF8F96B25}.Release|ARM64.Build.0 = Release|Any CPU
		{0BB32C37-BAF2-4455-8DD5-09FBF8F96B25}.Release|x64.ActiveCfg = Release|Any CPU
		{0BB32C37-BAF2-4455-8DD5-09FBF8F96B25}.Release|x64.Build.0 = Release|Any CPU
		{0BB32C37-BAF2-4455-8DD5-09FBF8F96B25}.Release|x86.ActiveCfg = Release|Any CPU
		{0BB32C37-BAF2-4455-8DD5-09FBF8F96B25}.Release|x86.Build.0 = Release|Any CPU
		{DCB9B720-7C6A-480E-A5B4-EE2F74EF19F9}.Debug|Any CPU.ActiveCfg = Debug|Any CPU
		{DCB9B720-7C6A-480E-A5B4-EE2F74EF19F9}.Debug|Any CPU.Build.0 = Debug|Any CPU
		{DCB9B720-7C6A-480E-A5B4-EE2F74EF19F9}.Debug|ARM.ActiveCfg = Debug|Any CPU
		{DCB9B720-7C6A-480E-A5B4-EE2F74EF19F9}.Debug|ARM.Build.0 = Debug|Any CPU
		{DCB9B720-7C6A-480E-A5B4-EE2F74EF19F9}.Debug|ARM64.ActiveCfg = Debug|Any CPU
		{DCB9B720-7C6A-480E-A5B4-EE2F74EF19F9}.Debug|ARM64.Build.0 = Debug|Any CPU
		{DCB9B720-7C6A-480E-A5B4-EE2F74EF19F9}.Debug|x64.ActiveCfg = Debug|Any CPU
		{DCB9B720-7C6A-480E-A5B4-EE2F74EF19F9}.Debug|x64.Build.0 = Debug|Any CPU
		{DCB9B720-7C6A-480E-A5B4-EE2F74EF19F9}.Debug|x86.ActiveCfg = Debug|Any CPU
		{DCB9B720-7C6A-480E-A5B4-EE2F74EF19F9}.Debug|x86.Build.0 = Debug|Any CPU
		{DCB9B720-7C6A-480E-A5B4-EE2F74EF19F9}.Release|Any CPU.ActiveCfg = Release|Any CPU
		{DCB9B720-7C6A-480E-A5B4-EE2F74EF19F9}.Release|Any CPU.Build.0 = Release|Any CPU
		{DCB9B720-7C6A-480E-A5B4-EE2F74EF19F9}.Release|ARM.ActiveCfg = Release|Any CPU
		{DCB9B720-7C6A-480E-A5B4-EE2F74EF19F9}.Release|ARM.Build.0 = Release|Any CPU
		{DCB9B720-7C6A-480E-A5B4-EE2F74EF19F9}.Release|ARM64.ActiveCfg = Release|Any CPU
		{DCB9B720-7C6A-480E-A5B4-EE2F74EF19F9}.Release|ARM64.Build.0 = Release|Any CPU
		{DCB9B720-7C6A-480E-A5B4-EE2F74EF19F9}.Release|x64.ActiveCfg = Release|Any CPU
		{DCB9B720-7C6A-480E-A5B4-EE2F74EF19F9}.Release|x64.Build.0 = Release|Any CPU
		{DCB9B720-7C6A-480E-A5B4-EE2F74EF19F9}.Release|x86.ActiveCfg = Release|Any CPU
		{DCB9B720-7C6A-480E-A5B4-EE2F74EF19F9}.Release|x86.Build.0 = Release|Any CPU
		{2181651D-A765-4CAA-9802-2A5628452363}.Debug|Any CPU.ActiveCfg = Debug|x86
		{2181651D-A765-4CAA-9802-2A5628452363}.Debug|ARM.ActiveCfg = Debug|ARM
		{2181651D-A765-4CAA-9802-2A5628452363}.Debug|ARM.Build.0 = Debug|ARM
		{2181651D-A765-4CAA-9802-2A5628452363}.Debug|ARM.Deploy.0 = Debug|ARM
		{2181651D-A765-4CAA-9802-2A5628452363}.Debug|ARM64.ActiveCfg = Debug|ARM64
		{2181651D-A765-4CAA-9802-2A5628452363}.Debug|ARM64.Build.0 = Debug|ARM64
		{2181651D-A765-4CAA-9802-2A5628452363}.Debug|ARM64.Deploy.0 = Debug|ARM64
		{2181651D-A765-4CAA-9802-2A5628452363}.Debug|x64.ActiveCfg = Debug|x64
		{2181651D-A765-4CAA-9802-2A5628452363}.Debug|x64.Build.0 = Debug|x64
		{2181651D-A765-4CAA-9802-2A5628452363}.Debug|x64.Deploy.0 = Debug|x64
		{2181651D-A765-4CAA-9802-2A5628452363}.Debug|x86.ActiveCfg = Debug|x86
		{2181651D-A765-4CAA-9802-2A5628452363}.Debug|x86.Build.0 = Debug|x86
		{2181651D-A765-4CAA-9802-2A5628452363}.Debug|x86.Deploy.0 = Debug|x86
		{2181651D-A765-4CAA-9802-2A5628452363}.Release|Any CPU.ActiveCfg = Release|x86
		{2181651D-A765-4CAA-9802-2A5628452363}.Release|ARM.ActiveCfg = Release|ARM
		{2181651D-A765-4CAA-9802-2A5628452363}.Release|ARM.Build.0 = Release|ARM
		{2181651D-A765-4CAA-9802-2A5628452363}.Release|ARM.Deploy.0 = Release|ARM
		{2181651D-A765-4CAA-9802-2A5628452363}.Release|ARM64.ActiveCfg = Release|ARM64
		{2181651D-A765-4CAA-9802-2A5628452363}.Release|ARM64.Build.0 = Release|ARM64
		{2181651D-A765-4CAA-9802-2A5628452363}.Release|ARM64.Deploy.0 = Release|ARM64
		{2181651D-A765-4CAA-9802-2A5628452363}.Release|x64.ActiveCfg = Release|x64
		{2181651D-A765-4CAA-9802-2A5628452363}.Release|x64.Build.0 = Release|x64
		{2181651D-A765-4CAA-9802-2A5628452363}.Release|x64.Deploy.0 = Release|x64
		{2181651D-A765-4CAA-9802-2A5628452363}.Release|x86.ActiveCfg = Release|x86
		{2181651D-A765-4CAA-9802-2A5628452363}.Release|x86.Build.0 = Release|x86
		{2181651D-A765-4CAA-9802-2A5628452363}.Release|x86.Deploy.0 = Release|x86
		{F68CCFF1-5656-47C0-B93A-2C31E8D8365C}.Debug|Any CPU.ActiveCfg = Debug|Any CPU
		{F68CCFF1-5656-47C0-B93A-2C31E8D8365C}.Debug|Any CPU.Build.0 = Debug|Any CPU
		{F68CCFF1-5656-47C0-B93A-2C31E8D8365C}.Debug|ARM.ActiveCfg = Debug|Any CPU
		{F68CCFF1-5656-47C0-B93A-2C31E8D8365C}.Debug|ARM.Build.0 = Debug|Any CPU
		{F68CCFF1-5656-47C0-B93A-2C31E8D8365C}.Debug|ARM64.ActiveCfg = Debug|Any CPU
		{F68CCFF1-5656-47C0-B93A-2C31E8D8365C}.Debug|ARM64.Build.0 = Debug|Any CPU
		{F68CCFF1-5656-47C0-B93A-2C31E8D8365C}.Debug|x64.ActiveCfg = Debug|Any CPU
		{F68CCFF1-5656-47C0-B93A-2C31E8D8365C}.Debug|x64.Build.0 = Debug|Any CPU
		{F68CCFF1-5656-47C0-B93A-2C31E8D8365C}.Debug|x86.ActiveCfg = Debug|Any CPU
		{F68CCFF1-5656-47C0-B93A-2C31E8D8365C}.Debug|x86.Build.0 = Debug|Any CPU
		{F68CCFF1-5656-47C0-B93A-2C31E8D8365C}.Release|Any CPU.ActiveCfg = Release|Any CPU
		{F68CCFF1-5656-47C0-B93A-2C31E8D8365C}.Release|Any CPU.Build.0 = Release|Any CPU
		{F68CCFF1-5656-47C0-B93A-2C31E8D8365C}.Release|ARM.ActiveCfg = Release|Any CPU
		{F68CCFF1-5656-47C0-B93A-2C31E8D8365C}.Release|ARM.Build.0 = Release|Any CPU
		{F68CCFF1-5656-47C0-B93A-2C31E8D8365C}.Release|ARM64.ActiveCfg = Release|Any CPU
		{F68CCFF1-5656-47C0-B93A-2C31E8D8365C}.Release|ARM64.Build.0 = Release|Any CPU
		{F68CCFF1-5656-47C0-B93A-2C31E8D8365C}.Release|x64.ActiveCfg = Release|Any CPU
		{F68CCFF1-5656-47C0-B93A-2C31E8D8365C}.Release|x64.Build.0 = Release|Any CPU
		{F68CCFF1-5656-47C0-B93A-2C31E8D8365C}.Release|x86.ActiveCfg = Release|Any CPU
		{F68CCFF1-5656-47C0-B93A-2C31E8D8365C}.Release|x86.Build.0 = Release|Any CPU
	EndGlobalSection
	GlobalSection(SolutionProperties) = preSolution
		HideSolutionNode = FALSE
	EndGlobalSection
	GlobalSection(NestedProjects) = preSolution
		{49402D91-E260-417E-BF6D-AC51BC7B6AA4} = {0B371A65-1093-4075-8EBB-B3D2F0C3ADF0}
		{3A162D09-2CCE-45A6-82B7-DD01B2F45527} = {0B371A65-1093-4075-8EBB-B3D2F0C3ADF0}
		{FA2B96C4-6CB8-48BC-86FD-82D99B39F318} = {0B371A65-1093-4075-8EBB-B3D2F0C3ADF0}
		{DB893DE6-27AA-4F59-B579-1D59146A9134} = {0B371A65-1093-4075-8EBB-B3D2F0C3ADF0}
		{8934E4FC-3B35-4614-8E78-25698C0A0E46} = {0B371A65-1093-4075-8EBB-B3D2F0C3ADF0}
		{6F022EB1-FF63-41D9-ADA9-C2C7F2756261} = {70FA6A8F-31BF-4B58-BB55-9320BBC56CFE}
		{2873BF9F-61E7-465E-9C00-DFA64FBD321D} = {70FA6A8F-31BF-4B58-BB55-9320BBC56CFE}
		{F1410EF7-4014-4B4B-9EE7-16A182DB7F4F} = {70FA6A8F-31BF-4B58-BB55-9320BBC56CFE}
		{4B88F9D8-7A36-46A8-889B-B37BA645209B} = {0B371A65-1093-4075-8EBB-B3D2F0C3ADF0}
		{CE1FDD2C-7382-44A5-95BB-E4B1C1C05C59} = {70FA6A8F-31BF-4B58-BB55-9320BBC56CFE}
		{CEDB2E7C-9901-43D3-B4A5-D34771BBEF9E} = {70FA6A8F-31BF-4B58-BB55-9320BBC56CFE}
		{2D220D26-1B23-46F2-97A8-9451670DDCBC} = {0B371A65-1093-4075-8EBB-B3D2F0C3ADF0}
		{5A886F72-B570-4373-AE89-96ADE25E7523} = {1623D597-D883-41B4-BCDD-490FF0A9C9DE}
		{E52352AD-4D90-47D2-9C23-0E7639D135EE} = {0B371A65-1093-4075-8EBB-B3D2F0C3ADF0}
		{C5C6C9AB-4849-44FA-9009-2033C0859C45} = {0B371A65-1093-4075-8EBB-B3D2F0C3ADF0}
		{6279C845-92F8-4333-AB99-3D213163593C} = {1623D597-D883-41B4-BCDD-490FF0A9C9DE}
		{97ADE730-A9E4-4677-B247-707BE951034C} = {1623D597-D883-41B4-BCDD-490FF0A9C9DE}
		{0BB32C37-BAF2-4455-8DD5-09FBF8F96B25} = {1623D597-D883-41B4-BCDD-490FF0A9C9DE}
		{DCB9B720-7C6A-480E-A5B4-EE2F74EF19F9} = {1623D597-D883-41B4-BCDD-490FF0A9C9DE}
		{2181651D-A765-4CAA-9802-2A5628452363} = {1623D597-D883-41B4-BCDD-490FF0A9C9DE}
		{F68CCFF1-5656-47C0-B93A-2C31E8D8365C} = {1623D597-D883-41B4-BCDD-490FF0A9C9DE}
	EndGlobalSection
	GlobalSection(ExtensibilityGlobals) = postSolution
		SolutionGuid = {C56E9983-137A-4064-9C27-5A688425442F}
	EndGlobalSection
EndGlobal
