
Microsoft Visual Studio Solution File, Format Version 12.00
# Visual Studio Version 16
VisualStudioVersion = 16.0.30907.101
MinimumVisualStudioVersion = 10.0.40219.1
Project("{D954291E-2A0B-460D-934E-DC6B0785DB48}") = "GraphML.UI.Uno.Shared", "GraphML.UI.Uno.Shared\GraphML.UI.Uno.Shared.shproj", "{6279C845-92F8-4333-AB99-3D213163593C}"
EndProject
Project("{2150E333-8FDC-42A3-9474-1A3956D46DE8}") = "Platforms", "Platforms", "{1D3DA641-7F2E-46CC-8A48-0147500FC7FD}"
EndProject
Project("{FAE04EC0-301F-11D3-BF4B-00C04F79EFBC}") = "GraphML.UI.Uno.UWP", "GraphML.UI.Uno.UWP\GraphML.UI.Uno.UWP.csproj", "{2181651D-A765-4CAA-9802-2A5628452363}"
EndProject
Project("{FAE04EC0-301F-11D3-BF4B-00C04F79EFBC}") = "GraphML.UI.Uno.Wasm", "GraphML.UI.Uno.Wasm\GraphML.UI.Uno.Wasm.csproj", "{9421E753-D128-41DB-B923-587E534329EC}"
EndProject
Project("{FAE04EC0-301F-11D3-BF4B-00C04F79EFBC}") = "GraphML.UI.Uno.Skia.Wpf.Host", "GraphML.UI.Uno.Skia.Wpf.Host\GraphML.UI.Uno.Skia.Wpf.Host.csproj", "{732ADF8C-E7D5-48E6-B880-6F2158614D21}"
EndProject
Project("{FAE04EC0-301F-11D3-BF4B-00C04F79EFBC}") = "GraphML.UI.Uno.Skia.Wpf", "GraphML.UI.Uno.Skia.Wpf\GraphML.UI.Uno.Skia.Wpf.csproj", "{93850D8B-E76E-42A6-923E-A74FF23E8443}"
EndProject
Project("{FAE04EC0-301F-11D3-BF4B-00C04F79EFBC}") = "GraphML.UI.Uno.Skia.Gtk", "GraphML.UI.Uno.Skia.Gtk\GraphML.UI.Uno.Skia.Gtk.csproj", "{CF6BC05B-8C73-4F17-A55E-DF4A665472F8}"
EndProject
Global
	GlobalSection(SharedMSBuildProjectFiles) = preSolution
		GraphML.UI.Uno.Shared\GraphML.UI.Uno.Shared.projitems*{2181651d-a765-4caa-9802-2a5628452363}*SharedItemsImports = 4
		GraphML.UI.Uno.Shared\GraphML.UI.Uno.Shared.projitems*{6279c845-92f8-4333-ab99-3d213163593c}*SharedItemsImports = 13
		GraphML.UI.Uno.Shared\GraphML.UI.Uno.Shared.projitems*{93850d8b-e76e-42a6-923e-a74ff23e8443}*SharedItemsImports = 5
		GraphML.UI.Uno.Shared\GraphML.UI.Uno.Shared.projitems*{9421e753-d128-41db-b923-587e534329ec}*SharedItemsImports = 5
		GraphML.UI.Uno.Shared\GraphML.UI.Uno.Shared.projitems*{cf6bc05b-8c73-4f17-a55e-df4a665472f8}*SharedItemsImports = 5
	EndGlobalSection
	GlobalSection(SolutionConfigurationPlatforms) = preSolution
		Debug|Any CPU = Debug|Any CPU
		Debug|ARM = Debug|ARM
		Debug|ARM64 = Debug|ARM64
		Debug|x64 = Debug|x64
		Debug|x86 = Debug|x86
		Release|Any CPU = Release|Any CPU
		Release|ARM = Release|ARM
		Release|ARM64 = Release|ARM64
		Release|x64 = Release|x64
		Release|x86 = Release|x86
	EndGlobalSection
	GlobalSection(ProjectConfigurationPlatforms) = postSolution
		{2181651D-A765-4CAA-9802-2A5628452363}.Debug|Any CPU.ActiveCfg = Debug|x86
		{2181651D-A765-4CAA-9802-2A5628452363}.Debug|Any CPU.Build.0 = Debug|x86
		{2181651D-A765-4CAA-9802-2A5628452363}.Debug|Any CPU.Deploy.0 = Debug|x86
		{2181651D-A765-4CAA-9802-2A5628452363}.Debug|ARM.ActiveCfg = Debug|ARM
		{2181651D-A765-4CAA-9802-2A5628452363}.Debug|ARM.Build.0 = Debug|ARM
		{2181651D-A765-4CAA-9802-2A5628452363}.Debug|ARM.Deploy.0 = Debug|ARM
		{2181651D-A765-4CAA-9802-2A5628452363}.Debug|ARM64.ActiveCfg = Debug|ARM64
		{2181651D-A765-4CAA-9802-2A5628452363}.Debug|ARM64.Build.0 = Debug|ARM64
		{2181651D-A765-4CAA-9802-2A5628452363}.Debug|ARM64.Deploy.0 = Debug|ARM64
		{2181651D-A765-4CAA-9802-2A5628452363}.Debug|x64.ActiveCfg = Debug|x64
		{2181651D-A765-4CAA-9802-2A5628452363}.Debug|x64.Build.0 = Debug|x64
		{2181651D-A765-4CAA-9802-2A5628452363}.Debug|x64.Deploy.0 = Debug|x64
		{2181651D-A765-4CAA-9802-2A5628452363}.Debug|x86.ActiveCfg = Debug|x86
		{2181651D-A765-4CAA-9802-2A5628452363}.Debug|x86.Build.0 = Debug|x86
		{2181651D-A765-4CAA-9802-2A5628452363}.Debug|x86.Deploy.0 = Debug|x86
		{2181651D-A765-4CAA-9802-2A5628452363}.Release|Any CPU.ActiveCfg = Release|x86
		{2181651D-A765-4CAA-9802-2A5628452363}.Release|ARM.ActiveCfg = Release|ARM
		{2181651D-A765-4CAA-9802-2A5628452363}.Release|ARM.Build.0 = Release|ARM
		{2181651D-A765-4CAA-9802-2A5628452363}.Release|ARM.Deploy.0 = Release|ARM
		{2181651D-A765-4CAA-9802-2A5628452363}.Release|ARM64.ActiveCfg = Release|ARM64
		{2181651D-A765-4CAA-9802-2A5628452363}.Release|ARM64.Build.0 = Release|ARM64
		{2181651D-A765-4CAA-9802-2A5628452363}.Release|ARM64.Deploy.0 = Release|ARM64
		{2181651D-A765-4CAA-9802-2A5628452363}.Release|x64.ActiveCfg = Release|x64
		{2181651D-A765-4CAA-9802-2A5628452363}.Release|x64.Build.0 = Release|x64
		{2181651D-A765-4CAA-9802-2A5628452363}.Release|x64.Deploy.0 = Release|x64
		{2181651D-A765-4CAA-9802-2A5628452363}.Release|x86.ActiveCfg = Release|x86
		{2181651D-A765-4CAA-9802-2A5628452363}.Release|x86.Build.0 = Release|x86
		{2181651D-A765-4CAA-9802-2A5628452363}.Release|x86.Deploy.0 = Release|x86
		{9421E753-D128-41DB-B923-587E534329EC}.Debug|Any CPU.ActiveCfg = Debug|Any CPU
		{9421E753-D128-41DB-B923-587E534329EC}.Debug|Any CPU.Build.0 = Debug|Any CPU
		{9421E753-D128-41DB-B923-587E534329EC}.Debug|ARM.ActiveCfg = Debug|Any CPU
		{9421E753-D128-41DB-B923-587E534329EC}.Debug|ARM.Build.0 = Debug|Any CPU
		{9421E753-D128-41DB-B923-587E534329EC}.Debug|ARM64.ActiveCfg = Debug|Any CPU
		{9421E753-D128-41DB-B923-587E534329EC}.Debug|ARM64.Build.0 = Debug|Any CPU
		{9421E753-D128-41DB-B923-587E534329EC}.Debug|x64.ActiveCfg = Debug|Any CPU
		{9421E753-D128-41DB-B923-587E534329EC}.Debug|x64.Build.0 = Debug|Any CPU
		{9421E753-D128-41DB-B923-587E534329EC}.Debug|x86.ActiveCfg = Debug|Any CPU
		{9421E753-D128-41DB-B923-587E534329EC}.Debug|x86.Build.0 = Debug|Any CPU
		{9421E753-D128-41DB-B923-587E534329EC}.Release|Any CPU.ActiveCfg = Release|Any CPU
		{9421E753-D128-41DB-B923-587E534329EC}.Release|Any CPU.Build.0 = Release|Any CPU
		{9421E753-D128-41DB-B923-587E534329EC}.Release|ARM.ActiveCfg = Release|Any CPU
		{9421E753-D128-41DB-B923-587E534329EC}.Release|ARM.Build.0 = Release|Any CPU
		{9421E753-D128-41DB-B923-587E534329EC}.Release|ARM64.ActiveCfg = Release|Any CPU
		{9421E753-D128-41DB-B923-587E534329EC}.Release|ARM64.Build.0 = Release|Any CPU
		{9421E753-D128-41DB-B923-587E534329EC}.Release|x64.ActiveCfg = Release|Any CPU
		{9421E753-D128-41DB-B923-587E534329EC}.Release|x64.Build.0 = Release|Any CPU
		{9421E753-D128-41DB-B923-587E534329EC}.Release|x86.ActiveCfg = Release|Any CPU
		{9421E753-D128-41DB-B923-587E534329EC}.Release|x86.Build.0 = Release|Any CPU
		{732ADF8C-E7D5-48E6-B880-6F2158614D21}.Debug|Any CPU.ActiveCfg = Debug|Any CPU
		{732ADF8C-E7D5-48E6-B880-6F2158614D21}.Debug|Any CPU.Build.0 = Debug|Any CPU
		{732ADF8C-E7D5-48E6-B880-6F2158614D21}.Debug|ARM.ActiveCfg = Debug|Any CPU
		{732ADF8C-E7D5-48E6-B880-6F2158614D21}.Debug|ARM.Build.0 = Debug|Any CPU
		{732ADF8C-E7D5-48E6-B880-6F2158614D21}.Debug|ARM64.ActiveCfg = Debug|Any CPU
		{732ADF8C-E7D5-48E6-B880-6F2158614D21}.Debug|ARM64.Build.0 = Debug|Any CPU
		{732ADF8C-E7D5-48E6-B880-6F2158614D21}.Debug|x64.ActiveCfg = Debug|Any CPU
		{732ADF8C-E7D5-48E6-B880-6F2158614D21}.Debug|x64.Build.0 = Debug|Any CPU
		{732ADF8C-E7D5-48E6-B880-6F2158614D21}.Debug|x86.ActiveCfg = Debug|Any CPU
		{732ADF8C-E7D5-48E6-B880-6F2158614D21}.Debug|x86.Build.0 = Debug|Any CPU
		{732ADF8C-E7D5-48E6-B880-6F2158614D21}.Release|Any CPU.ActiveCfg = Release|Any CPU
		{732ADF8C-E7D5-48E6-B880-6F2158614D21}.Release|Any CPU.Build.0 = Release|Any CPU
		{732ADF8C-E7D5-48E6-B880-6F2158614D21}.Release|ARM.ActiveCfg = Release|Any CPU
		{732ADF8C-E7D5-48E6-B880-6F2158614D21}.Release|ARM.Build.0 = Release|Any CPU
		{732ADF8C-E7D5-48E6-B880-6F2158614D21}.Release|ARM64.ActiveCfg = Release|Any CPU
		{732ADF8C-E7D5-48E6-B880-6F2158614D21}.Release|ARM64.Build.0 = Release|Any CPU
		{732ADF8C-E7D5-48E6-B880-6F2158614D21}.Release|x64.ActiveCfg = Release|Any CPU
		{732ADF8C-E7D5-48E6-B880-6F2158614D21}.Release|x64.Build.0 = Release|Any CPU
		{732ADF8C-E7D5-48E6-B880-6F2158614D21}.Release|x86.ActiveCfg = Release|Any CPU
		{732ADF8C-E7D5-48E6-B880-6F2158614D21}.Release|x86.Build.0 = Release|Any CPU
		{93850D8B-E76E-42A6-923E-A74FF23E8443}.Debug|Any CPU.ActiveCfg = Debug|Any CPU
		{93850D8B-E76E-42A6-923E-A74FF23E8443}.Debug|Any CPU.Build.0 = Debug|Any CPU
		{93850D8B-E76E-42A6-923E-A74FF23E8443}.Debug|ARM.ActiveCfg = Debug|Any CPU
		{93850D8B-E76E-42A6-923E-A74FF23E8443}.Debug|ARM.Build.0 = Debug|Any CPU
		{93850D8B-E76E-42A6-923E-A74FF23E8443}.Debug|ARM64.ActiveCfg = Debug|Any CPU
		{93850D8B-E76E-42A6-923E-A74FF23E8443}.Debug|ARM64.Build.0 = Debug|Any CPU
		{93850D8B-E76E-42A6-923E-A74FF23E8443}.Debug|x64.ActiveCfg = Debug|Any CPU
		{93850D8B-E76E-42A6-923E-A74FF23E8443}.Debug|x64.Build.0 = Debug|Any CPU
		{93850D8B-E76E-42A6-923E-A74FF23E8443}.Debug|x86.ActiveCfg = Debug|Any CPU
		{93850D8B-E76E-42A6-923E-A74FF23E8443}.Debug|x86.Build.0 = Debug|Any CPU
		{93850D8B-E76E-42A6-923E-A74FF23E8443}.Release|Any CPU.ActiveCfg = Release|Any CPU
		{93850D8B-E76E-42A6-923E-A74FF23E8443}.Release|Any CPU.Build.0 = Release|Any CPU
		{93850D8B-E76E-42A6-923E-A74FF23E8443}.Release|ARM.ActiveCfg = Release|Any CPU
		{93850D8B-E76E-42A6-923E-A74FF23E8443}.Release|ARM.Build.0 = Release|Any CPU
		{93850D8B-E76E-42A6-923E-A74FF23E8443}.Release|ARM64.ActiveCfg = Release|Any CPU
		{93850D8B-E76E-42A6-923E-A74FF23E8443}.Release|ARM64.Build.0 = Release|Any CPU
		{93850D8B-E76E-42A6-923E-A74FF23E8443}.Release|x64.ActiveCfg = Release|Any CPU
		{93850D8B-E76E-42A6-923E-A74FF23E8443}.Release|x64.Build.0 = Release|Any CPU
		{93850D8B-E76E-42A6-923E-A74FF23E8443}.Release|x86.ActiveCfg = Release|Any CPU
		{93850D8B-E76E-42A6-923E-A74FF23E8443}.Release|x86.Build.0 = Release|Any CPU
		{CF6BC05B-8C73-4F17-A55E-DF4A665472F8}.Debug|Any CPU.ActiveCfg = Debug|Any CPU
		{CF6BC05B-8C73-4F17-A55E-DF4A665472F8}.Debug|Any CPU.Build.0 = Debug|Any CPU
		{CF6BC05B-8C73-4F17-A55E-DF4A665472F8}.Debug|ARM.ActiveCfg = Debug|Any CPU
		{CF6BC05B-8C73-4F17-A55E-DF4A665472F8}.Debug|ARM.Build.0 = Debug|Any CPU
		{CF6BC05B-8C73-4F17-A55E-DF4A665472F8}.Debug|ARM64.ActiveCfg = Debug|Any CPU
		{CF6BC05B-8C73-4F17-A55E-DF4A665472F8}.Debug|ARM64.Build.0 = Debug|Any CPU
		{CF6BC05B-8C73-4F17-A55E-DF4A665472F8}.Debug|x64.ActiveCfg = Debug|Any CPU
		{CF6BC05B-8C73-4F17-A55E-DF4A665472F8}.Debug|x64.Build.0 = Debug|Any CPU
		{CF6BC05B-8C73-4F17-A55E-DF4A665472F8}.Debug|x86.ActiveCfg = Debug|Any CPU
		{CF6BC05B-8C73-4F17-A55E-DF4A665472F8}.Debug|x86.Build.0 = Debug|Any CPU
		{CF6BC05B-8C73-4F17-A55E-DF4A665472F8}.Release|Any CPU.ActiveCfg = Release|Any CPU
		{CF6BC05B-8C73-4F17-A55E-DF4A665472F8}.Release|Any CPU.Build.0 = Release|Any CPU
		{CF6BC05B-8C73-4F17-A55E-DF4A665472F8}.Release|ARM.ActiveCfg = Release|Any CPU
		{CF6BC05B-8C73-4F17-A55E-DF4A665472F8}.Release|ARM.Build.0 = Release|Any CPU
		{CF6BC05B-8C73-4F17-A55E-DF4A665472F8}.Release|ARM64.ActiveCfg = Release|Any CPU
		{CF6BC05B-8C73-4F17-A55E-DF4A665472F8}.Release|ARM64.Build.0 = Release|Any CPU
		{CF6BC05B-8C73-4F17-A55E-DF4A665472F8}.Release|x64.ActiveCfg = Release|Any CPU
		{CF6BC05B-8C73-4F17-A55E-DF4A665472F8}.Release|x64.Build.0 = Release|Any CPU
		{CF6BC05B-8C73-4F17-A55E-DF4A665472F8}.Release|x86.ActiveCfg = Release|Any CPU
		{CF6BC05B-8C73-4F17-A55E-DF4A665472F8}.Release|x86.Build.0 = Release|Any CPU
	EndGlobalSection
	GlobalSection(SolutionProperties) = preSolution
		HideSolutionNode = FALSE
	EndGlobalSection
	GlobalSection(NestedProjects) = preSolution
		{2181651D-A765-4CAA-9802-2A5628452363} = {1D3DA641-7F2E-46CC-8A48-0147500FC7FD}
		{9421E753-D128-41DB-B923-587E534329EC} = {1D3DA641-7F2E-46CC-8A48-0147500FC7FD}
		{732ADF8C-E7D5-48E6-B880-6F2158614D21} = {1D3DA641-7F2E-46CC-8A48-0147500FC7FD}
		{93850D8B-E76E-42A6-923E-A74FF23E8443} = {1D3DA641-7F2E-46CC-8A48-0147500FC7FD}
		{CF6BC05B-8C73-4F17-A55E-DF4A665472F8} = {1D3DA641-7F2E-46CC-8A48-0147500FC7FD}
	EndGlobalSection
	GlobalSection(ExtensibilityGlobals) = postSolution
		SolutionGuid = {34CE0B8C-D89D-49CB-A14A-661A773F3E96}
	EndGlobalSection
EndGlobal
