
Microsoft Visual Studio Solution File, Format Version 12.00
# Visual Studio Version 16
VisualStudioVersion = 16.0.30907.101
MinimumVisualStudioVersion = 10.0.40219.1
Project("{D954291E-2A0B-460D-934E-DC6B0785DB48}") = "GraphML.UI.Uno.Shared", "GraphML.UI.Uno.Shared\GraphML.UI.Uno.Shared.shproj", "{6279C845-92F8-4333-AB99-3D213163593C}"
EndProject
Project("{2150E333-8FDC-42A3-9474-1A3956D46DE8}") = "Platforms", "Platforms", "{1D3DA641-7F2E-46CC-8A48-0147500FC7FD}"
EndProject
Project("{FAE04EC0-301F-11D3-BF4B-00C04F79EFBC}") = "GraphML.UI.Uno.UWP", "GraphML.UI.Uno.UWP\GraphML.UI.Uno.UWP.csproj", "{2181651D-A765-4CAA-9802-2A5628452363}"
EndProject
Project("{9A19103F-16F7-4668-BE54-9A1E7A4F7556}") = "GraphML.UI.Uno.Wasm", "GraphML.UI.Uno.Wasm\GraphML.UI.Uno.Wasm.csproj", "{9421E753-D128-41DB-B923-587E534329EC}"
EndProject
Project("{9A19103F-16F7-4668-BE54-9A1E7A4F7556}") = "GraphML.UI.Uno.Skia.Gtk", "GraphML.UI.Uno.Skia.Gtk\GraphML.UI.Uno.Skia.Gtk.csproj", "{CF6BC05B-8C73-4F17-A55E-DF4A665472F8}"
EndProject
Global
	GlobalSection(SharedMSBuildProjectFiles) = preSolution
		GraphML.UI.Uno.Shared\GraphML.UI.Uno.Shared.projitems*{2181651d-a765-4caa-9802-2a5628452363}*SharedItemsImports = 4
		GraphML.UI.Uno.Shared\GraphML.UI.Uno.Shared.projitems*{6279c845-92f8-4333-ab99-3d213163593c}*SharedItemsImports = 13
		GraphML.UI.Uno.Shared\GraphML.UI.Uno.Shared.projitems*{9421e753-d128-41db-b923-587e534329ec}*SharedItemsImports = 5
		GraphML.UI.Uno.Shared\GraphML.UI.Uno.Shared.projitems*{cf6bc05b-8c73-4f17-a55e-df4a665472f8}*SharedItemsImports = 5
	EndGlobalSection
	GlobalSection(SolutionConfigurationPlatforms) = preSolution
		Debug|Any CPU = Debug|Any CPU
		Debug|x64 = Debug|x64
		Release|Any CPU = Release|Any CPU
		Release|x64 = Release|x64
	EndGlobalSection
	GlobalSection(ProjectConfigurationPlatforms) = postSolution
		{2181651D-A765-4CAA-9802-2A5628452363}.Debug|Any CPU.ActiveCfg = Debug|x64
		{2181651D-A765-4CAA-9802-2A5628452363}.Debug|Any CPU.Build.0 = Debug|x64
		{2181651D-A765-4CAA-9802-2A5628452363}.Debug|Any CPU.Deploy.0 = Debug|x64
		{2181651D-A765-4CAA-9802-2A5628452363}.Debug|x64.ActiveCfg = Debug|x64
		{2181651D-A765-4CAA-9802-2A5628452363}.Debug|x64.Build.0 = Debug|x64
		{2181651D-A765-4CAA-9802-2A5628452363}.Debug|x64.Deploy.0 = Debug|x64
		{2181651D-A765-4CAA-9802-2A5628452363}.Release|Any CPU.ActiveCfg = Release|x86
		{2181651D-A765-4CAA-9802-2A5628452363}.Release|x64.ActiveCfg = Release|x64
		{2181651D-A765-4CAA-9802-2A5628452363}.Release|x64.Build.0 = Release|x64
		{2181651D-A765-4CAA-9802-2A5628452363}.Release|x64.Deploy.0 = Release|x64
		{9421E753-D128-41DB-B923-587E534329EC}.Debug|Any CPU.ActiveCfg = Debug|Any CPU
		{9421E753-D128-41DB-B923-587E534329EC}.Debug|Any CPU.Build.0 = Debug|Any CPU
		{9421E753-D128-41DB-B923-587E534329EC}.Debug|x64.ActiveCfg = Debug|Any CPU
		{9421E753-D128-41DB-B923-587E534329EC}.Debug|x64.Build.0 = Debug|Any CPU
		{9421E753-D128-41DB-B923-587E534329EC}.Release|Any CPU.ActiveCfg = Release|Any CPU
		{9421E753-D128-41DB-B923-587E534329EC}.Release|Any CPU.Build.0 = Release|Any CPU
		{9421E753-D128-41DB-B923-587E534329EC}.Release|x64.ActiveCfg = Release|Any CPU
		{9421E753-D128-41DB-B923-587E534329EC}.Release|x64.Build.0 = Release|Any CPU
		{CF6BC05B-8C73-4F17-A55E-DF4A665472F8}.Debug|Any CPU.ActiveCfg = Debug|Any CPU
		{CF6BC05B-8C73-4F17-A55E-DF4A665472F8}.Debug|Any CPU.Build.0 = Debug|Any CPU
		{CF6BC05B-8C73-4F17-A55E-DF4A665472F8}.Debug|x64.ActiveCfg = Debug|Any CPU
		{CF6BC05B-8C73-4F17-A55E-DF4A665472F8}.Debug|x64.Build.0 = Debug|Any CPU
		{CF6BC05B-8C73-4F17-A55E-DF4A665472F8}.Release|Any CPU.ActiveCfg = Release|Any CPU
		{CF6BC05B-8C73-4F17-A55E-DF4A665472F8}.Release|Any CPU.Build.0 = Release|Any CPU
		{CF6BC05B-8C73-4F17-A55E-DF4A665472F8}.Release|x64.ActiveCfg = Release|Any CPU
		{CF6BC05B-8C73-4F17-A55E-DF4A665472F8}.Release|x64.Build.0 = Release|Any CPU
	EndGlobalSection
	GlobalSection(SolutionProperties) = preSolution
		HideSolutionNode = FALSE
	EndGlobalSection
	GlobalSection(NestedProjects) = preSolution
		{2181651D-A765-4CAA-9802-2A5628452363} = {1D3DA641-7F2E-46CC-8A48-0147500FC7FD}
		{9421E753-D128-41DB-B923-587E534329EC} = {1D3DA641-7F2E-46CC-8A48-0147500FC7FD}
		{CF6BC05B-8C73-4F17-A55E-DF4A665472F8} = {1D3DA641-7F2E-46CC-8A48-0147500FC7FD}
	EndGlobalSection
	GlobalSection(ExtensibilityGlobals) = postSolution
		SolutionGuid = {34CE0B8C-D89D-49CB-A14A-661A773F3E96}
	EndGlobalSection
EndGlobal
